PODS:
  - Nocilla (0.9.0)
  - OctoKit.swift (0.1.0)

DEPENDENCIES:
  - Nocilla
  - OctoKit.swift (from `../OctoKit.swift.podspec`)

EXTERNAL SOURCES:
  OctoKit.swift:
    :path: "../OctoKit.swift.podspec"

SPEC CHECKSUMS:
  Nocilla: d7d96e8a11e363f0d7c976d48b320c43d61fb471
  OctoKit.swift: 000e7d670594613632d7820255f18f2f1a1231b3

COCOAPODS: 0.38.2
