PODS:
  - Alamofire (1.2.1)
  - Nocilla (0.9.0)
  - OctoKit.swift (0.1.0):
    - Alamofire (~> 1.2.1)

DEPENDENCIES:
  - Nocilla
  - OctoKit.swift (from `../OctoKit.swift.podspec`)

EXTERNAL SOURCES:
  OctoKit.swift:
    :path: "../OctoKit.swift.podspec"

SPEC CHECKSUMS:
  Alamofire: 1acfdf179aff68b41a48dff70c1ac7fa263e2bcb
  Nocilla: d7d96e8a11e363f0d7c976d48b320c43d61fb471
  OctoKit.swift: b54ebd9bf0feab20fdc46f70eb4b2ade7721e739

COCOAPODS: 0.36.4
