{
  "originHash" : "d459a6aeb6f190425bcc2e7e564bf289abfb0499f125a0900c9a2cab24849ee0",
  "pins" : [
    {
      "identity" : "requestkit",
      "kind" : "remoteSourceControl",
      "location" : "https://github.com/nerdishbynature/RequestKit.git",
      "state" : {
        "revision" : "9d45c9aacc1d46c87def44dd120d9c71dab3c788",
        "version" : "3.4.0"
      }
    }
  ],
  "version" : 3
}
