{
  "object": {
    "pins": [
      {
        "package": "RequestKit",
        "repositoryURL": "https://github.com/nerdishbynature/RequestKit.git",
        "state": {
          "branch": null,
          "revision": "9eb93542975048d99c38f61408a408323608e7e0",
          "version": "3.2.0"
        }
      }
    ]
  },
  "version": 1
}
