// !$*UTF8*$!
{
	archiveVersion = 1;
	classes = {
	};
	objectVersion = 55;
	objects = {

/* Begin PBXBuildFile section */
		233083E7271B4624005AB000 /* SigninViewModel.swift in Sources */ = {isa = PBXBuildFile; fileRef = 233083E6271B4624005AB000 /* SigninViewModel.swift */; };
		233083EC271B52AB005AB000 /* OAuthConfig.plist in Resources */ = {isa = PBXBuildFile; fileRef = 233083EB271B52AB005AB000 /* OAuthConfig.plist */; };
		233083EE271B5861005AB000 /* RepositoryViewModel.swift in Sources */ = {isa = PBXBuildFile; fileRef = 233083ED271B5861005AB000 /* RepositoryViewModel.swift */; };
		238A7215270E2AF400851D0A /* ExampleApp.swift in Sources */ = {isa = PBXBuildFile; fileRef = 238A7205270E2AF300851D0A /* ExampleApp.swift */; };
		238A7216270E2AF400851D0A /* ExampleApp.swift in Sources */ = {isa = PBXBuildFile; fileRef = 238A7205270E2AF300851D0A /* ExampleApp.swift */; };
		238A7219270E2AF400851D0A /* Assets.xcassets in Resources */ = {isa = PBXBuildFile; fileRef = 238A7207270E2AF400851D0A /* Assets.xcassets */; };
		238A721A270E2AF400851D0A /* Assets.xcassets in Resources */ = {isa = PBXBuildFile; fileRef = 238A7207270E2AF400851D0A /* Assets.xcassets */; };
		238A7224270E2B0800851D0A /* RepositoriesView.swift in Sources */ = {isa = PBXBuildFile; fileRef = 238A7223270E2B0800851D0A /* RepositoriesView.swift */; };
		238A7225270E2B0800851D0A /* RepositoriesView.swift in Sources */ = {isa = PBXBuildFile; fileRef = 238A7223270E2B0800851D0A /* RepositoriesView.swift */; };
		238A7228270E2B3700851D0A /* RepositoriesViewModel.swift in Sources */ = {isa = PBXBuildFile; fileRef = 238A7227270E2B3700851D0A /* RepositoriesViewModel.swift */; };
		238A7229270E2B3700851D0A /* RepositoriesViewModel.swift in Sources */ = {isa = PBXBuildFile; fileRef = 238A7227270E2B3700851D0A /* RepositoriesViewModel.swift */; };
		238A722E270E2B6000851D0A /* OctoKit in Frameworks */ = {isa = PBXBuildFile; productRef = 238A722D270E2B6000851D0A /* OctoKit */; };
		238A7230270E2B7A00851D0A /* RepositoryRow.swift in Sources */ = {isa = PBXBuildFile; fileRef = 238A722F270E2B7A00851D0A /* RepositoryRow.swift */; };
		238A7231270E2B7A00851D0A /* RepositoryRow.swift in Sources */ = {isa = PBXBuildFile; fileRef = 238A722F270E2B7A00851D0A /* RepositoryRow.swift */; };
		238A7233270E2BA000851D0A /* OctoKit in Frameworks */ = {isa = PBXBuildFile; productRef = 238A7232270E2BA000851D0A /* OctoKit */; };
		238A723B270E2CD100851D0A /* RepositoryView.swift in Sources */ = {isa = PBXBuildFile; fileRef = 238A723A270E2CD100851D0A /* RepositoryView.swift */; };
		238A723C270E2CD100851D0A /* RepositoryView.swift in Sources */ = {isa = PBXBuildFile; fileRef = 238A723A270E2CD100851D0A /* RepositoryView.swift */; };
		238A723F270E2E7500851D0A /* PullRequestsView.swift in Sources */ = {isa = PBXBuildFile; fileRef = 238A723E270E2E7500851D0A /* PullRequestsView.swift */; };
		238A7240270E2E7500851D0A /* PullRequestsView.swift in Sources */ = {isa = PBXBuildFile; fileRef = 238A723E270E2E7500851D0A /* PullRequestsView.swift */; };
		238A7242270E2FB100851D0A /* OctoClient.swift in Sources */ = {isa = PBXBuildFile; fileRef = 238A7241270E2FB100851D0A /* OctoClient.swift */; };
		238A7243270E2FB100851D0A /* OctoClient.swift in Sources */ = {isa = PBXBuildFile; fileRef = 238A7241270E2FB100851D0A /* OctoClient.swift */; };
		238A7245270E326500851D0A /* PullRequestRow.swift in Sources */ = {isa = PBXBuildFile; fileRef = 238A7244270E326500851D0A /* PullRequestRow.swift */; };
		238A7246270E326500851D0A /* PullRequestRow.swift in Sources */ = {isa = PBXBuildFile; fileRef = 238A7244270E326500851D0A /* PullRequestRow.swift */; };
		238A7248270E329200851D0A /* PullRequestViewModel.swift in Sources */ = {isa = PBXBuildFile; fileRef = 238A7247270E329200851D0A /* PullRequestViewModel.swift */; };
		238A7249270E329200851D0A /* PullRequestViewModel.swift in Sources */ = {isa = PBXBuildFile; fileRef = 238A7247270E329200851D0A /* PullRequestViewModel.swift */; };
		238A724B270E339000851D0A /* NSError+Identifiable.swift in Sources */ = {isa = PBXBuildFile; fileRef = 238A724A270E339000851D0A /* NSError+Identifiable.swift */; };
		238A724C270E339000851D0A /* NSError+Identifiable.swift in Sources */ = {isa = PBXBuildFile; fileRef = 238A724A270E339000851D0A /* NSError+Identifiable.swift */; };
		238A724E271AD00C00851D0A /* NetworkList.swift in Sources */ = {isa = PBXBuildFile; fileRef = 238A724D271AD00C00851D0A /* NetworkList.swift */; };
		238A724F271AD00C00851D0A /* NetworkList.swift in Sources */ = {isa = PBXBuildFile; fileRef = 238A724D271AD00C00851D0A /* NetworkList.swift */; };
		23EF1F49271B1CB100755171 /* NetworkListViewModel.swift in Sources */ = {isa = PBXBuildFile; fileRef = 23EF1F48271B1CB100755171 /* NetworkListViewModel.swift */; };
		23EF1F4A271B1CB100755171 /* NetworkListViewModel.swift in Sources */ = {isa = PBXBuildFile; fileRef = 23EF1F48271B1CB100755171 /* NetworkListViewModel.swift */; };
		23EF1F4D271B1F7200755171 /* IssuesView.swift in Sources */ = {isa = PBXBuildFile; fileRef = 23EF1F4C271B1F7200755171 /* IssuesView.swift */; };
		23EF1F4E271B1F7200755171 /* IssuesView.swift in Sources */ = {isa = PBXBuildFile; fileRef = 23EF1F4C271B1F7200755171 /* IssuesView.swift */; };
		23EF1F50271B1F9C00755171 /* IssuesViewModel.swift in Sources */ = {isa = PBXBuildFile; fileRef = 23EF1F4F271B1F9C00755171 /* IssuesViewModel.swift */; };
		23EF1F51271B1F9C00755171 /* IssuesViewModel.swift in Sources */ = {isa = PBXBuildFile; fileRef = 23EF1F4F271B1F9C00755171 /* IssuesViewModel.swift */; };
		23EF1F53271B1FE900755171 /* IssueRow.swift in Sources */ = {isa = PBXBuildFile; fileRef = 23EF1F52271B1FE900755171 /* IssueRow.swift */; };
		23EF1F54271B1FE900755171 /* IssueRow.swift in Sources */ = {isa = PBXBuildFile; fileRef = 23EF1F52271B1FE900755171 /* IssueRow.swift */; };
		23EF1F57271B21C400755171 /* ReleasesView.swift in Sources */ = {isa = PBXBuildFile; fileRef = 23EF1F56271B21C400755171 /* ReleasesView.swift */; };
		23EF1F58271B21C400755171 /* ReleasesView.swift in Sources */ = {isa = PBXBuildFile; fileRef = 23EF1F56271B21C400755171 /* ReleasesView.swift */; };
		23EF1F5A271B21E000755171 /* ReleasesRow.swift in Sources */ = {isa = PBXBuildFile; fileRef = 23EF1F59271B21E000755171 /* ReleasesRow.swift */; };
		23EF1F5B271B21E000755171 /* ReleasesRow.swift in Sources */ = {isa = PBXBuildFile; fileRef = 23EF1F59271B21E000755171 /* ReleasesRow.swift */; };
		23EF1F5D271B222500755171 /* ReleasesViewModel.swift in Sources */ = {isa = PBXBuildFile; fileRef = 23EF1F5C271B222500755171 /* ReleasesViewModel.swift */; };
		23EF1F5E271B222500755171 /* ReleasesViewModel.swift in Sources */ = {isa = PBXBuildFile; fileRef = 23EF1F5C271B222500755171 /* ReleasesViewModel.swift */; };
/* End PBXBuildFile section */

/* Begin PBXFileReference section */
		233083E6271B4624005AB000 /* SigninViewModel.swift */ = {isa = PBXFileReference; lastKnownFileType = sourcecode.swift; path = SigninViewModel.swift; sourceTree = "<group>"; };
		233083EA271B4A1D005AB000 /* Example--iOS--Info.plist */ = {isa = PBXFileReference; lastKnownFileType = text.plist; path = "Example--iOS--Info.plist"; sourceTree = "<group>"; };
		233083EB271B52AB005AB000 /* OAuthConfig.plist */ = {isa = PBXFileReference; lastKnownFileType = text.plist.xml; path = OAuthConfig.plist; sourceTree = "<group>"; };
		233083ED271B5861005AB000 /* RepositoryViewModel.swift */ = {isa = PBXFileReference; lastKnownFileType = sourcecode.swift; path = RepositoryViewModel.swift; sourceTree = "<group>"; };
		238A7205270E2AF300851D0A /* ExampleApp.swift */ = {isa = PBXFileReference; lastKnownFileType = sourcecode.swift; path = ExampleApp.swift; sourceTree = "<group>"; };
		238A7207270E2AF400851D0A /* Assets.xcassets */ = {isa = PBXFileReference; lastKnownFileType = folder.assetcatalog; path = Assets.xcassets; sourceTree = "<group>"; };
		238A720C270E2AF400851D0A /* Example.app */ = {isa = PBXFileReference; explicitFileType = wrapper.application; includeInIndex = 0; path = Example.app; sourceTree = BUILT_PRODUCTS_DIR; };
		238A7212270E2AF400851D0A /* Example.app */ = {isa = PBXFileReference; explicitFileType = wrapper.application; includeInIndex = 0; path = Example.app; sourceTree = BUILT_PRODUCTS_DIR; };
		238A7214270E2AF400851D0A /* macOS.entitlements */ = {isa = PBXFileReference; lastKnownFileType = text.plist.entitlements; path = macOS.entitlements; sourceTree = "<group>"; };
		238A7223270E2B0800851D0A /* RepositoriesView.swift */ = {isa = PBXFileReference; fileEncoding = 4; lastKnownFileType = sourcecode.swift; path = RepositoriesView.swift; sourceTree = "<group>"; };
		238A7227270E2B3700851D0A /* RepositoriesViewModel.swift */ = {isa = PBXFileReference; lastKnownFileType = sourcecode.swift; path = RepositoriesViewModel.swift; sourceTree = "<group>"; };
		238A722B270E2B5500851D0A /* octokit.swift */ = {isa = PBXFileReference; lastKnownFileType = folder; name = octokit.swift; path = ..; sourceTree = "<group>"; };
		238A722F270E2B7A00851D0A /* RepositoryRow.swift */ = {isa = PBXFileReference; lastKnownFileType = sourcecode.swift; path = RepositoryRow.swift; sourceTree = "<group>"; };
		238A723A270E2CD100851D0A /* RepositoryView.swift */ = {isa = PBXFileReference; lastKnownFileType = sourcecode.swift; path = RepositoryView.swift; sourceTree = "<group>"; };
		238A723E270E2E7500851D0A /* PullRequestsView.swift */ = {isa = PBXFileReference; lastKnownFileType = sourcecode.swift; path = PullRequestsView.swift; sourceTree = "<group>"; };
		238A7241270E2FB100851D0A /* OctoClient.swift */ = {isa = PBXFileReference; lastKnownFileType = sourcecode.swift; path = OctoClient.swift; sourceTree = "<group>"; };
		238A7244270E326500851D0A /* PullRequestRow.swift */ = {isa = PBXFileReference; lastKnownFileType = sourcecode.swift; path = PullRequestRow.swift; sourceTree = "<group>"; };
		238A7247270E329200851D0A /* PullRequestViewModel.swift */ = {isa = PBXFileReference; lastKnownFileType = sourcecode.swift; path = PullRequestViewModel.swift; sourceTree = "<group>"; };
		238A724A270E339000851D0A /* NSError+Identifiable.swift */ = {isa = PBXFileReference; lastKnownFileType = sourcecode.swift; path = "NSError+Identifiable.swift"; sourceTree = "<group>"; };
		238A724D271AD00C00851D0A /* NetworkList.swift */ = {isa = PBXFileReference; lastKnownFileType = sourcecode.swift; path = NetworkList.swift; sourceTree = "<group>"; };
		23EF1F48271B1CB100755171 /* NetworkListViewModel.swift */ = {isa = PBXFileReference; lastKnownFileType = sourcecode.swift; path = NetworkListViewModel.swift; sourceTree = "<group>"; };
		23EF1F4C271B1F7200755171 /* IssuesView.swift */ = {isa = PBXFileReference; lastKnownFileType = sourcecode.swift; path = IssuesView.swift; sourceTree = "<group>"; };
		23EF1F4F271B1F9C00755171 /* IssuesViewModel.swift */ = {isa = PBXFileReference; lastKnownFileType = sourcecode.swift; path = IssuesViewModel.swift; sourceTree = "<group>"; };
		23EF1F52271B1FE900755171 /* IssueRow.swift */ = {isa = PBXFileReference; lastKnownFileType = sourcecode.swift; path = IssueRow.swift; sourceTree = "<group>"; };
		23EF1F56271B21C400755171 /* ReleasesView.swift */ = {isa = PBXFileReference; lastKnownFileType = sourcecode.swift; path = ReleasesView.swift; sourceTree = "<group>"; };
		23EF1F59271B21E000755171 /* ReleasesRow.swift */ = {isa = PBXFileReference; lastKnownFileType = sourcecode.swift; path = ReleasesRow.swift; sourceTree = "<group>"; };
		23EF1F5C271B222500755171 /* ReleasesViewModel.swift */ = {isa = PBXFileReference; lastKnownFileType = sourcecode.swift; path = ReleasesViewModel.swift; sourceTree = "<group>"; };
/* End PBXFileReference section */

/* Begin PBXFrameworksBuildPhase section */
		238A7209270E2AF400851D0A /* Frameworks */ = {
			isa = PBXFrameworksBuildPhase;
			buildActionMask = 2147483647;
			files = (
				238A722E270E2B6000851D0A /* OctoKit in Frameworks */,
			);
			runOnlyForDeploymentPostprocessing = 0;
		};
		238A720F270E2AF400851D0A /* Frameworks */ = {
			isa = PBXFrameworksBuildPhase;
			buildActionMask = 2147483647;
			files = (
				238A7233270E2BA000851D0A /* OctoKit in Frameworks */,
			);
			runOnlyForDeploymentPostprocessing = 0;
		};
/* End PBXFrameworksBuildPhase section */

/* Begin PBXGroup section */
		238A71FF270E2AF300851D0A = {
			isa = PBXGroup;
			children = (
				233083EA271B4A1D005AB000 /* Example--iOS--Info.plist */,
				238A722A270E2B5500851D0A /* Packages */,
				238A7204270E2AF300851D0A /* Shared */,
				238A7213270E2AF400851D0A /* macOS */,
				238A720D270E2AF400851D0A /* Products */,
				238A722C270E2B6000851D0A /* Frameworks */,
			);
			sourceTree = "<group>";
		};
		238A7204270E2AF300851D0A /* Shared */ = {
			isa = PBXGroup;
			children = (
				238A7205270E2AF300851D0A /* ExampleApp.swift */,
				238A7241270E2FB100851D0A /* OctoClient.swift */,
				238A724A270E339000851D0A /* NSError+Identifiable.swift */,
				238A724D271AD00C00851D0A /* NetworkList.swift */,
				23EF1F48271B1CB100755171 /* NetworkListViewModel.swift */,
				233083E6271B4624005AB000 /* SigninViewModel.swift */,
				238A7226270E2B1D00851D0A /* Repositories */,
				238A723D270E2E5B00851D0A /* PullRequests */,
				23EF1F4B271B1F6200755171 /* Issues */,
				23EF1F55271B21B400755171 /* Releases */,
				238A7207270E2AF400851D0A /* Assets.xcassets */,
				233083EB271B52AB005AB000 /* OAuthConfig.plist */,
			);
			path = Shared;
			sourceTree = "<group>";
		};
		238A720D270E2AF400851D0A /* Products */ = {
			isa = PBXGroup;
			children = (
				238A720C270E2AF400851D0A /* Example.app */,
				238A7212270E2AF400851D0A /* Example.app */,
			);
			name = Products;
			sourceTree = "<group>";
		};
		238A7213270E2AF400851D0A /* macOS */ = {
			isa = PBXGroup;
			children = (
				238A7214270E2AF400851D0A /* macOS.entitlements */,
			);
			path = macOS;
			sourceTree = "<group>";
		};
		238A7226270E2B1D00851D0A /* Repositories */ = {
			isa = PBXGroup;
			children = (
				238A7223270E2B0800851D0A /* RepositoriesView.swift */,
				238A7227270E2B3700851D0A /* RepositoriesViewModel.swift */,
				238A722F270E2B7A00851D0A /* RepositoryRow.swift */,
				238A723A270E2CD100851D0A /* RepositoryView.swift */,
				233083ED271B5861005AB000 /* RepositoryViewModel.swift */,
			);
			path = Repositories;
			sourceTree = "<group>";
		};
		238A722A270E2B5500851D0A /* Packages */ = {
			isa = PBXGroup;
			children = (
				238A722B270E2B5500851D0A /* octokit.swift */,
			);
			name = Packages;
			sourceTree = "<group>";
		};
		238A722C270E2B6000851D0A /* Frameworks */ = {
			isa = PBXGroup;
			children = (
			);
			name = Frameworks;
			sourceTree = "<group>";
		};
		238A723D270E2E5B00851D0A /* PullRequests */ = {
			isa = PBXGroup;
			children = (
				238A723E270E2E7500851D0A /* PullRequestsView.swift */,
				238A7247270E329200851D0A /* PullRequestViewModel.swift */,
				238A7244270E326500851D0A /* PullRequestRow.swift */,
			);
			path = PullRequests;
			sourceTree = "<group>";
		};
		23EF1F4B271B1F6200755171 /* Issues */ = {
			isa = PBXGroup;
			children = (
				23EF1F4C271B1F7200755171 /* IssuesView.swift */,
				23EF1F4F271B1F9C00755171 /* IssuesViewModel.swift */,
				23EF1F52271B1FE900755171 /* IssueRow.swift */,
			);
			path = Issues;
			sourceTree = "<group>";
		};
		23EF1F55271B21B400755171 /* Releases */ = {
			isa = PBXGroup;
			children = (
				23EF1F56271B21C400755171 /* ReleasesView.swift */,
				23EF1F5C271B222500755171 /* ReleasesViewModel.swift */,
				23EF1F59271B21E000755171 /* ReleasesRow.swift */,
			);
			path = Releases;
			sourceTree = "<group>";
		};
/* End PBXGroup section */

/* Begin PBXNativeTarget section */
		238A720B270E2AF400851D0A /* Example (iOS) */ = {
			isa = PBXNativeTarget;
			buildConfigurationList = 238A721D270E2AF400851D0A /* Build configuration list for PBXNativeTarget "Example (iOS)" */;
			buildPhases = (
				238A7208270E2AF400851D0A /* Sources */,
				238A7209270E2AF400851D0A /* Frameworks */,
				238A720A270E2AF400851D0A /* Resources */,
			);
			buildRules = (
			);
			dependencies = (
			);
			name = "Example (iOS)";
			packageProductDependencies = (
				238A722D270E2B6000851D0A /* OctoKit */,
			);
			productName = "Example (iOS)";
			productReference = 238A720C270E2AF400851D0A /* Example.app */;
			productType = "com.apple.product-type.application";
		};
		238A7211270E2AF400851D0A /* Example (macOS) */ = {
			isa = PBXNativeTarget;
			buildConfigurationList = 238A7220270E2AF400851D0A /* Build configuration list for PBXNativeTarget "Example (macOS)" */;
			buildPhases = (
				238A720E270E2AF400851D0A /* Sources */,
				238A720F270E2AF400851D0A /* Frameworks */,
				238A7210270E2AF400851D0A /* Resources */,
			);
			buildRules = (
			);
			dependencies = (
			);
			name = "Example (macOS)";
			packageProductDependencies = (
				238A7232270E2BA000851D0A /* OctoKit */,
			);
			productName = "Example (macOS)";
			productReference = 238A7212270E2AF400851D0A /* Example.app */;
			productType = "com.apple.product-type.application";
		};
/* End PBXNativeTarget section */

/* Begin PBXProject section */
		238A7200270E2AF300851D0A /* Project object */ = {
			isa = PBXProject;
			attributes = {
				BuildIndependentTargetsInParallel = 1;
				LastSwiftUpdateCheck = 1300;
				LastUpgradeCheck = 1300;
				TargetAttributes = {
					238A720B270E2AF400851D0A = {
						CreatedOnToolsVersion = 13.0;
					};
					238A7211270E2AF400851D0A = {
						CreatedOnToolsVersion = 13.0;
					};
				};
			};
			buildConfigurationList = 238A7203270E2AF300851D0A /* Build configuration list for PBXProject "Example" */;
			compatibilityVersion = "Xcode 13.0";
			developmentRegion = en;
			hasScannedForEncodings = 0;
			knownRegions = (
				en,
				Base,
			);
			mainGroup = 238A71FF270E2AF300851D0A;
			productRefGroup = 238A720D270E2AF400851D0A /* Products */;
			projectDirPath = "";
			projectRoot = "";
			targets = (
				238A720B270E2AF400851D0A /* Example (iOS) */,
				238A7211270E2AF400851D0A /* Example (macOS) */,
			);
		};
/* End PBXProject section */

/* Begin PBXResourcesBuildPhase section */
		238A720A270E2AF400851D0A /* Resources */ = {
			isa = PBXResourcesBuildPhase;
			buildActionMask = 2147483647;
			files = (
				233083EC271B52AB005AB000 /* OAuthConfig.plist in Resources */,
				238A7219270E2AF400851D0A /* Assets.xcassets in Resources */,
			);
			runOnlyForDeploymentPostprocessing = 0;
		};
		238A7210270E2AF400851D0A /* Resources */ = {
			isa = PBXResourcesBuildPhase;
			buildActionMask = 2147483647;
			files = (
				238A721A270E2AF400851D0A /* Assets.xcassets in Resources */,
			);
			runOnlyForDeploymentPostprocessing = 0;
		};
/* End PBXResourcesBuildPhase section */

/* Begin PBXSourcesBuildPhase section */
		238A7208270E2AF400851D0A /* Sources */ = {
			isa = PBXSourcesBuildPhase;
			buildActionMask = 2147483647;
			files = (
				238A7224270E2B0800851D0A /* RepositoriesView.swift in Sources */,
				233083E7271B4624005AB000 /* SigninViewModel.swift in Sources */,
				238A7248270E329200851D0A /* PullRequestViewModel.swift in Sources */,
				238A7228270E2B3700851D0A /* RepositoriesViewModel.swift in Sources */,
				238A724B270E339000851D0A /* NSError+Identifiable.swift in Sources */,
				238A7242270E2FB100851D0A /* OctoClient.swift in Sources */,
				23EF1F4D271B1F7200755171 /* IssuesView.swift in Sources */,
				238A7230270E2B7A00851D0A /* RepositoryRow.swift in Sources */,
				238A724E271AD00C00851D0A /* NetworkList.swift in Sources */,
				23EF1F53271B1FE900755171 /* IssueRow.swift in Sources */,
				23EF1F49271B1CB100755171 /* NetworkListViewModel.swift in Sources */,
				238A723B270E2CD100851D0A /* RepositoryView.swift in Sources */,
				233083EE271B5861005AB000 /* RepositoryViewModel.swift in Sources */,
				238A7245270E326500851D0A /* PullRequestRow.swift in Sources */,
				23EF1F5D271B222500755171 /* ReleasesViewModel.swift in Sources */,
				23EF1F57271B21C400755171 /* ReleasesView.swift in Sources */,
				23EF1F5A271B21E000755171 /* ReleasesRow.swift in Sources */,
				238A7215270E2AF400851D0A /* ExampleApp.swift in Sources */,
				23EF1F50271B1F9C00755171 /* IssuesViewModel.swift in Sources */,
				238A723F270E2E7500851D0A /* PullRequestsView.swift in Sources */,
			);
			runOnlyForDeploymentPostprocessing = 0;
		};
		238A720E270E2AF400851D0A /* Sources */ = {
			isa = PBXSourcesBuildPhase;
			buildActionMask = 2147483647;
			files = (
				238A7225270E2B0800851D0A /* RepositoriesView.swift in Sources */,
				238A7249270E329200851D0A /* PullRequestViewModel.swift in Sources */,
				238A7229270E2B3700851D0A /* RepositoriesViewModel.swift in Sources */,
				238A724C270E339000851D0A /* NSError+Identifiable.swift in Sources */,
				238A7243270E2FB100851D0A /* OctoClient.swift in Sources */,
				23EF1F4E271B1F7200755171 /* IssuesView.swift in Sources */,
				238A7231270E2B7A00851D0A /* RepositoryRow.swift in Sources */,
				238A724F271AD00C00851D0A /* NetworkList.swift in Sources */,
				23EF1F54271B1FE900755171 /* IssueRow.swift in Sources */,
				23EF1F4A271B1CB100755171 /* NetworkListViewModel.swift in Sources */,
				238A723C270E2CD100851D0A /* RepositoryView.swift in Sources */,
				238A7246270E326500851D0A /* PullRequestRow.swift in Sources */,
				23EF1F5E271B222500755171 /* ReleasesViewModel.swift in Sources */,
				23EF1F58271B21C400755171 /* ReleasesView.swift in Sources */,
				23EF1F5B271B21E000755171 /* ReleasesRow.swift in Sources */,
				238A7216270E2AF400851D0A /* ExampleApp.swift in Sources */,
				23EF1F51271B1F9C00755171 /* IssuesViewModel.swift in Sources */,
				238A7240270E2E7500851D0A /* PullRequestsView.swift in Sources */,
			);
			runOnlyForDeploymentPostprocessing = 0;
		};
/* End PBXSourcesBuildPhase section */

/* Begin XCBuildConfiguration section */
		238A721B270E2AF400851D0A /* Debug */ = {
			isa = XCBuildConfiguration;
			buildSettings = {
				ALWAYS_SEARCH_USER_PATHS = NO;
				CLANG_ANALYZER_NONNULL = YES;
				CLANG_ANALYZER_NUMBER_OBJECT_CONVERSION = YES_AGGRESSIVE;
				CLANG_CXX_LANGUAGE_STANDARD = "gnu++17";
				CLANG_CXX_LIBRARY = "libc++";
				CLANG_ENABLE_MODULES = YES;
				CLANG_ENABLE_OBJC_ARC = YES;
				CLANG_ENABLE_OBJC_WEAK = YES;
				CLANG_WARN_BLOCK_CAPTURE_AUTORELEASING = YES;
				CLANG_WARN_BOOL_CONVERSION = YES;
				CLANG_WARN_COMMA = YES;
				CLANG_WARN_CONSTANT_CONVERSION = YES;
				CLANG_WARN_DEPRECATED_OBJC_IMPLEMENTATIONS = YES;
				CLANG_WARN_DIRECT_OBJC_ISA_USAGE = YES_ERROR;
				CLANG_WARN_DOCUMENTATION_COMMENTS = YES;
				CLANG_WARN_EMPTY_BODY = YES;
				CLANG_WARN_ENUM_CONVERSION = YES;
				CLANG_WARN_INFINITE_RECURSION = YES;
				CLANG_WARN_INT_CONVERSION = YES;
				CLANG_WARN_NON_LITERAL_NULL_CONVERSION = YES;
				CLANG_WARN_OBJC_IMPLICIT_RETAIN_SELF = YES;
				CLANG_WARN_OBJC_LITERAL_CONVERSION = YES;
				CLANG_WARN_OBJC_ROOT_CLASS = YES_ERROR;
				CLANG_WARN_QUOTED_INCLUDE_IN_FRAMEWORK_HEADER = YES;
				CLANG_WARN_RANGE_LOOP_ANALYSIS = YES;
				CLANG_WARN_STRICT_PROTOTYPES = YES;
				CLANG_WARN_SUSPICIOUS_MOVE = YES;
				CLANG_WARN_UNGUARDED_AVAILABILITY = YES_AGGRESSIVE;
				CLANG_WARN_UNREACHABLE_CODE = YES;
				CLANG_WARN__DUPLICATE_METHOD_MATCH = YES;
				COPY_PHASE_STRIP = NO;
				DEBUG_INFORMATION_FORMAT = dwarf;
				ENABLE_STRICT_OBJC_MSGSEND = YES;
				ENABLE_TESTABILITY = YES;
				GCC_C_LANGUAGE_STANDARD = gnu11;
				GCC_DYNAMIC_NO_PIC = NO;
				GCC_NO_COMMON_BLOCKS = YES;
				GCC_OPTIMIZATION_LEVEL = 0;
				GCC_PREPROCESSOR_DEFINITIONS = (
					"DEBUG=1",
					"$(inherited)",
				);
				GCC_WARN_64_TO_32_BIT_CONVERSION = YES;
				GCC_WARN_ABOUT_RETURN_TYPE = YES_ERROR;
				GCC_WARN_UNDECLARED_SELECTOR = YES;
				GCC_WARN_UNINITIALIZED_AUTOS = YES_AGGRESSIVE;
				GCC_WARN_UNUSED_FUNCTION = YES;
				GCC_WARN_UNUSED_VARIABLE = YES;
				MTL_ENABLE_DEBUG_INFO = INCLUDE_SOURCE;
				MTL_FAST_MATH = YES;
				ONLY_ACTIVE_ARCH = YES;
				SWIFT_ACTIVE_COMPILATION_CONDITIONS = DEBUG;
				SWIFT_OPTIMIZATION_LEVEL = "-Onone";
			};
			name = Debug;
		};
		238A721C270E2AF400851D0A /* Release */ = {
			isa = XCBuildConfiguration;
			buildSettings = {
				ALWAYS_SEARCH_USER_PATHS = NO;
				CLANG_ANALYZER_NONNULL = YES;
				CLANG_ANALYZER_NUMBER_OBJECT_CONVERSION = YES_AGGRESSIVE;
				CLANG_CXX_LANGUAGE_STANDARD = "gnu++17";
				CLANG_CXX_LIBRARY = "libc++";
				CLANG_ENABLE_MODULES = YES;
				CLANG_ENABLE_OBJC_ARC = YES;
				CLANG_ENABLE_OBJC_WEAK = YES;
				CLANG_WARN_BLOCK_CAPTURE_AUTORELEASING = YES;
				CLANG_WARN_BOOL_CONVERSION = YES;
				CLANG_WARN_COMMA = YES;
				CLANG_WARN_CONSTANT_CONVERSION = YES;
				CLANG_WARN_DEPRECATED_OBJC_IMPLEMENTATIONS = YES;
				CLANG_WARN_DIRECT_OBJC_ISA_USAGE = YES_ERROR;
				CLANG_WARN_DOCUMENTATION_COMMENTS = YES;
				CLANG_WARN_EMPTY_BODY = YES;
				CLANG_WARN_ENUM_CONVERSION = YES;
				CLANG_WARN_INFINITE_RECURSION = YES;
				CLANG_WARN_INT_CONVERSION = YES;
				CLANG_WARN_NON_LITERAL_NULL_CONVERSION = YES;
				CLANG_WARN_OBJC_IMPLICIT_RETAIN_SELF = YES;
				CLANG_WARN_OBJC_LITERAL_CONVERSION = YES;
				CLANG_WARN_OBJC_ROOT_CLASS = YES_ERROR;
				CLANG_WARN_QUOTED_INCLUDE_IN_FRAMEWORK_HEADER = YES;
				CLANG_WARN_RANGE_LOOP_ANALYSIS = YES;
				CLANG_WARN_STRICT_PROTOTYPES = YES;
				CLANG_WARN_SUSPICIOUS_MOVE = YES;
				CLANG_WARN_UNGUARDED_AVAILABILITY = YES_AGGRESSIVE;
				CLANG_WARN_UNREACHABLE_CODE = YES;
				CLANG_WARN__DUPLICATE_METHOD_MATCH = YES;
				COPY_PHASE_STRIP = NO;
				DEBUG_INFORMATION_FORMAT = "dwarf-with-dsym";
				ENABLE_NS_ASSERTIONS = NO;
				ENABLE_STRICT_OBJC_MSGSEND = YES;
				GCC_C_LANGUAGE_STANDARD = gnu11;
				GCC_NO_COMMON_BLOCKS = YES;
				GCC_WARN_64_TO_32_BIT_CONVERSION = YES;
				GCC_WARN_ABOUT_RETURN_TYPE = YES_ERROR;
				GCC_WARN_UNDECLARED_SELECTOR = YES;
				GCC_WARN_UNINITIALIZED_AUTOS = YES_AGGRESSIVE;
				GCC_WARN_UNUSED_FUNCTION = YES;
				GCC_WARN_UNUSED_VARIABLE = YES;
				MTL_ENABLE_DEBUG_INFO = NO;
				MTL_FAST_MATH = YES;
				SWIFT_COMPILATION_MODE = wholemodule;
				SWIFT_OPTIMIZATION_LEVEL = "-O";
			};
			name = Release;
		};
		238A721E270E2AF400851D0A /* Debug */ = {
			isa = XCBuildConfiguration;
			buildSettings = {
				ASSETCATALOG_COMPILER_APPICON_NAME = AppIcon;
				ASSETCATALOG_COMPILER_GLOBAL_ACCENT_COLOR_NAME = AccentColor;
				CODE_SIGN_STYLE = Automatic;
				CURRENT_PROJECT_VERSION = 1;
				ENABLE_PREVIEWS = YES;
				GENERATE_INFOPLIST_FILE = YES;
				INFOPLIST_FILE = "Example--iOS--Info.plist";
				INFOPLIST_KEY_UIApplicationSceneManifest_Generation = YES;
				INFOPLIST_KEY_UIApplicationSupportsIndirectInputEvents = YES;
				INFOPLIST_KEY_UILaunchScreen_Generation = YES;
				INFOPLIST_KEY_UISupportedInterfaceOrientations_iPad = "UIInterfaceOrientationPortrait UIInterfaceOrientationPortraitUpsideDown UIInterfaceOrientationLandscapeLeft UIInterfaceOrientationLandscapeRight";
				INFOPLIST_KEY_UISupportedInterfaceOrientations_iPhone = "UIInterfaceOrientationPortrait UIInterfaceOrientationLandscapeLeft UIInterfaceOrientationLandscapeRight";
				IPHONEOS_DEPLOYMENT_TARGET = 15.0;
				LD_RUNPATH_SEARCH_PATHS = (
					"$(inherited)",
					"@executable_path/Frameworks",
				);
				MARKETING_VERSION = 1.0;
				PRODUCT_BUNDLE_IDENTIFIER = com.nerdishbynature.Example;
				PRODUCT_NAME = Example;
				SDKROOT = iphoneos;
				SWIFT_EMIT_LOC_STRINGS = YES;
				SWIFT_VERSION = 5.0;
				TARGETED_DEVICE_FAMILY = "1,2";
			};
			name = Debug;
		};
		238A721F270E2AF400851D0A /* Release */ = {
			isa = XCBuildConfiguration;
			buildSettings = {
				ASSETCATALOG_COMPILER_APPICON_NAME = AppIcon;
				ASSETCATALOG_COMPILER_GLOBAL_ACCENT_COLOR_NAME = AccentColor;
				CODE_SIGN_STYLE = Automatic;
				CURRENT_PROJECT_VERSION = 1;
				ENABLE_PREVIEWS = YES;
				GENERATE_INFOPLIST_FILE = YES;
				INFOPLIST_FILE = "Example--iOS--Info.plist";
				INFOPLIST_KEY_UIApplicationSceneManifest_Generation = YES;
				INFOPLIST_KEY_UIApplicationSupportsIndirectInputEvents = YES;
				INFOPLIST_KEY_UILaunchScreen_Generation = YES;
				INFOPLIST_KEY_UISupportedInterfaceOrientations_iPad = "UIInterfaceOrientationPortrait UIInterfaceOrientationPortraitUpsideDown UIInterfaceOrientationLandscapeLeft UIInterfaceOrientationLandscapeRight";
				INFOPLIST_KEY_UISupportedInterfaceOrientations_iPhone = "UIInterfaceOrientationPortrait UIInterfaceOrientationLandscapeLeft UIInterfaceOrientationLandscapeRight";
				IPHONEOS_DEPLOYMENT_TARGET = 15.0;
				LD_RUNPATH_SEARCH_PATHS = (
					"$(inherited)",
					"@executable_path/Frameworks",
				);
				MARKETING_VERSION = 1.0;
				PRODUCT_BUNDLE_IDENTIFIER = com.nerdishbynature.Example;
				PRODUCT_NAME = Example;
				SDKROOT = iphoneos;
				SWIFT_EMIT_LOC_STRINGS = YES;
				SWIFT_VERSION = 5.0;
				TARGETED_DEVICE_FAMILY = "1,2";
				VALIDATE_PRODUCT = YES;
			};
			name = Release;
		};
		238A7221270E2AF400851D0A /* Debug */ = {
			isa = XCBuildConfiguration;
			buildSettings = {
				ASSETCATALOG_COMPILER_APPICON_NAME = AppIcon;
				ASSETCATALOG_COMPILER_GLOBAL_ACCENT_COLOR_NAME = AccentColor;
				CODE_SIGN_ENTITLEMENTS = macOS/macOS.entitlements;
				CODE_SIGN_STYLE = Automatic;
				COMBINE_HIDPI_IMAGES = YES;
				CURRENT_PROJECT_VERSION = 1;
				ENABLE_PREVIEWS = YES;
				GENERATE_INFOPLIST_FILE = YES;
				INFOPLIST_KEY_NSHumanReadableCopyright = "";
				LD_RUNPATH_SEARCH_PATHS = (
					"$(inherited)",
					"@executable_path/../Frameworks",
				);
				MACOSX_DEPLOYMENT_TARGET = 11.0;
				MARKETING_VERSION = 1.0;
				PRODUCT_BUNDLE_IDENTIFIER = com.nerdishbynature.Example;
				PRODUCT_NAME = Example;
				SDKROOT = macosx;
				SWIFT_EMIT_LOC_STRINGS = YES;
				SWIFT_VERSION = 5.0;
			};
			name = Debug;
		};
		238A7222270E2AF400851D0A /* Release */ = {
			isa = XCBuildConfiguration;
			buildSettings = {
				ASSETCATALOG_COMPILER_APPICON_NAME = AppIcon;
				ASSETCATALOG_COMPILER_GLOBAL_ACCENT_COLOR_NAME = AccentColor;
				CODE_SIGN_ENTITLEMENTS = macOS/macOS.entitlements;
				CODE_SIGN_STYLE = Automatic;
				COMBINE_HIDPI_IMAGES = YES;
				CURRENT_PROJECT_VERSION = 1;
				ENABLE_PREVIEWS = YES;
				GENERATE_INFOPLIST_FILE = YES;
				INFOPLIST_KEY_NSHumanReadableCopyright = "";
				LD_RUNPATH_SEARCH_PATHS = (
					"$(inherited)",
					"@executable_path/../Frameworks",
				);
				MACOSX_DEPLOYMENT_TARGET = 11.0;
				MARKETING_VERSION = 1.0;
				PRODUCT_BUNDLE_IDENTIFIER = com.nerdishbynature.Example;
				PRODUCT_NAME = Example;
				SDKROOT = macosx;
				SWIFT_EMIT_LOC_STRINGS = YES;
				SWIFT_VERSION = 5.0;
			};
			name = Release;
		};
/* End XCBuildConfiguration section */

/* Begin XCConfigurationList section */
		238A7203270E2AF300851D0A /* Build configuration list for PBXProject "Example" */ = {
			isa = XCConfigurationList;
			buildConfigurations = (
				238A721B270E2AF400851D0A /* Debug */,
				238A721C270E2AF400851D0A /* Release */,
			);
			defaultConfigurationIsVisible = 0;
			defaultConfigurationName = Release;
		};
		238A721D270E2AF400851D0A /* Build configuration list for PBXNativeTarget "Example (iOS)" */ = {
			isa = XCConfigurationList;
			buildConfigurations = (
				238A721E270E2AF400851D0A /* Debug */,
				238A721F270E2AF400851D0A /* Release */,
			);
			defaultConfigurationIsVisible = 0;
			defaultConfigurationName = Release;
		};
		238A7220270E2AF400851D0A /* Build configuration list for PBXNativeTarget "Example (macOS)" */ = {
			isa = XCConfigurationList;
			buildConfigurations = (
				238A7221270E2AF400851D0A /* Debug */,
				238A7222270E2AF400851D0A /* Release */,
			);
			defaultConfigurationIsVisible = 0;
			defaultConfigurationName = Release;
		};
/* End XCConfigurationList section */

/* Begin XCSwiftPackageProductDependency section */
		238A722D270E2B6000851D0A /* OctoKit */ = {
			isa = XCSwiftPackageProductDependency;
			productName = OctoKit;
		};
		238A7232270E2BA000851D0A /* OctoKit */ = {
			isa = XCSwiftPackageProductDependency;
			productName = OctoKit;
		};
/* End XCSwiftPackageProductDependency section */
	};
	rootObject = 238A7200270E2AF300851D0A /* Project object */;
}
