// !$*UTF8*$!
{
	archiveVersion = 1;
	classes = {
	};
	objectVersion = 46;
	objects = {

/* Begin PBXBuildFile section */
		234F4BAE1BDDE31A00A58EF7 /* OctoKit.framework in Frameworks */ = {isa = PBXBuildFile; fileRef = 239BE7C91B8C47A100D2CE22 /* OctoKit.framework */; };
		234F4BD01BDDE3F900A58EF7 /* ConfigurationTests.swift in Sources */ = {isa = PBXBuildFile; fileRef = 234F4BC91BDDE3F900A58EF7 /* ConfigurationTests.swift */; };
		234F4BD21BDDE3F900A58EF7 /* OctokitSwiftTests.swift in Sources */ = {isa = PBXBuildFile; fileRef = 234F4BCB1BDDE3F900A58EF7 /* OctokitSwiftTests.swift */; };
		234F4BD31BDDE3F900A58EF7 /* PublicKeyTests.swift in Sources */ = {isa = PBXBuildFile; fileRef = 234F4BCC1BDDE3F900A58EF7 /* PublicKeyTests.swift */; };
		234F4BD41BDDE3F900A58EF7 /* RepositoryTests.swift in Sources */ = {isa = PBXBuildFile; fileRef = 234F4BCD1BDDE3F900A58EF7 /* RepositoryTests.swift */; };
		234F4BD51BDDE3F900A58EF7 /* TestHelper.swift in Sources */ = {isa = PBXBuildFile; fileRef = 234F4BCE1BDDE3F900A58EF7 /* TestHelper.swift */; };
		234F4BD61BDDE3F900A58EF7 /* UserTests.swift in Sources */ = {isa = PBXBuildFile; fileRef = 234F4BCF1BDDE3F900A58EF7 /* UserTests.swift */; };
		234F4BDD1BDDE44600A58EF7 /* public_key.json in Resources */ = {isa = PBXBuildFile; fileRef = 234F4BD81BDDE44600A58EF7 /* public_key.json */; };
		234F4BDE1BDDE44600A58EF7 /* repo.json in Resources */ = {isa = PBXBuildFile; fileRef = 234F4BD91BDDE44600A58EF7 /* repo.json */; };
		234F4BDF1BDDE44600A58EF7 /* user_me.json in Resources */ = {isa = PBXBuildFile; fileRef = 234F4BDA1BDDE44600A58EF7 /* user_me.json */; };
		234F4BE01BDDE44600A58EF7 /* user_mietzmithut.json in Resources */ = {isa = PBXBuildFile; fileRef = 234F4BDB1BDDE44600A58EF7 /* user_mietzmithut.json */; };
		234F4BE11BDDE44600A58EF7 /* user_repos.json in Resources */ = {isa = PBXBuildFile; fileRef = 234F4BDC1BDDE44600A58EF7 /* user_repos.json */; };
		234F4C3F1BDE0FE200A58EF7 /* RequestKit.framework in Frameworks */ = {isa = PBXBuildFile; fileRef = 234F4C3E1BDE0FE200A58EF7 /* RequestKit.framework */; };
		234F4C401BDE113800A58EF7 /* RequestKit.framework in Carthage embed */ = {isa = PBXBuildFile; fileRef = 234F4C3E1BDE0FE200A58EF7 /* RequestKit.framework */; settings = {ATTRIBUTES = (CodeSignOnCopy, RemoveHeadersOnCopy, ); }; };
		237F91E41E5AEC82005FAA6B /* URL+URLParameters.swift in Sources */ = {isa = PBXBuildFile; fileRef = 237F91E31E5AEC82005FAA6B /* URL+URLParameters.swift */; };
		237F91E51E5AEC87005FAA6B /* URL+URLParameters.swift in Sources */ = {isa = PBXBuildFile; fileRef = 237F91E31E5AEC82005FAA6B /* URL+URLParameters.swift */; };
		237F91E61E5AEC88005FAA6B /* URL+URLParameters.swift in Sources */ = {isa = PBXBuildFile; fileRef = 237F91E31E5AEC82005FAA6B /* URL+URLParameters.swift */; };
		237F91E71E5AEC89005FAA6B /* URL+URLParameters.swift in Sources */ = {isa = PBXBuildFile; fileRef = 237F91E31E5AEC82005FAA6B /* URL+URLParameters.swift */; };
		239BE7CE1B8C47A100D2CE22 /* OctoKit.h in Headers */ = {isa = PBXBuildFile; fileRef = 239BE7CD1B8C47A100D2CE22 /* OctoKit.h */; settings = {ATTRIBUTES = (Public, ); }; };
		23A0521F1CA924950068BFF7 /* OctoKitURLTestSession.swift in Sources */ = {isa = PBXBuildFile; fileRef = 23A0521E1CA924950068BFF7 /* OctoKitURLTestSession.swift */; };
		23A052201CA924950068BFF7 /* OctoKitURLTestSession.swift in Sources */ = {isa = PBXBuildFile; fileRef = 23A0521E1CA924950068BFF7 /* OctoKitURLTestSession.swift */; };
		23A052211CA924950068BFF7 /* OctoKitURLTestSession.swift in Sources */ = {isa = PBXBuildFile; fileRef = 23A0521E1CA924950068BFF7 /* OctoKitURLTestSession.swift */; };
		23B2678A1BDDD756003887E3 /* Configuration.swift in Sources */ = {isa = PBXBuildFile; fileRef = 23B267851BDDD756003887E3 /* Configuration.swift */; };
		23B2678B1BDDD756003887E3 /* Octokit.swift in Sources */ = {isa = PBXBuildFile; fileRef = 23B267861BDDD756003887E3 /* Octokit.swift */; };
		23B2678C1BDDD756003887E3 /* PublicKey.swift in Sources */ = {isa = PBXBuildFile; fileRef = 23B267871BDDD756003887E3 /* PublicKey.swift */; };
		23B2678D1BDDD756003887E3 /* Repositories.swift in Sources */ = {isa = PBXBuildFile; fileRef = 23B267881BDDD756003887E3 /* Repositories.swift */; };
		23B2678E1BDDD756003887E3 /* User.swift in Sources */ = {isa = PBXBuildFile; fileRef = 23B267891BDDD756003887E3 /* User.swift */; };
		23CAF26C1C7AB5FC005011C4 /* OctoKit.framework in Frameworks */ = {isa = PBXBuildFile; fileRef = 23CAF2621C7AB5FB005011C4 /* OctoKit.framework */; };
		23CAF2881C7AB60D005011C4 /* OctoKit.framework in Frameworks */ = {isa = PBXBuildFile; fileRef = 23CAF27E1C7AB60C005011C4 /* OctoKit.framework */; };
		23CAF2A21C7AB6BE005011C4 /* Configuration.swift in Sources */ = {isa = PBXBuildFile; fileRef = 23B267851BDDD756003887E3 /* Configuration.swift */; };
		23CAF2A31C7AB6BF005011C4 /* Configuration.swift in Sources */ = {isa = PBXBuildFile; fileRef = 23B267851BDDD756003887E3 /* Configuration.swift */; };
		23CAF2A41C7AB6BF005011C4 /* Configuration.swift in Sources */ = {isa = PBXBuildFile; fileRef = 23B267851BDDD756003887E3 /* Configuration.swift */; };
		23CAF2A51C7AB6C2005011C4 /* Follow.swift in Sources */ = {isa = PBXBuildFile; fileRef = E7EE59DB1BE119110012E3D2 /* Follow.swift */; };
		23CAF2A61C7AB6C2005011C4 /* Follow.swift in Sources */ = {isa = PBXBuildFile; fileRef = E7EE59DB1BE119110012E3D2 /* Follow.swift */; };
		23CAF2A71C7AB6C3005011C4 /* Follow.swift in Sources */ = {isa = PBXBuildFile; fileRef = E7EE59DB1BE119110012E3D2 /* Follow.swift */; };
		23CAF2A81C7AB6C6005011C4 /* Octokit.swift in Sources */ = {isa = PBXBuildFile; fileRef = 23B267861BDDD756003887E3 /* Octokit.swift */; };
		23CAF2A91C7AB6C6005011C4 /* Octokit.swift in Sources */ = {isa = PBXBuildFile; fileRef = 23B267861BDDD756003887E3 /* Octokit.swift */; };
		23CAF2AA1C7AB6C7005011C4 /* Octokit.swift in Sources */ = {isa = PBXBuildFile; fileRef = 23B267861BDDD756003887E3 /* Octokit.swift */; };
		23CAF2AB1C7AB6C9005011C4 /* PublicKey.swift in Sources */ = {isa = PBXBuildFile; fileRef = 23B267871BDDD756003887E3 /* PublicKey.swift */; };
		23CAF2AC1C7AB6CA005011C4 /* PublicKey.swift in Sources */ = {isa = PBXBuildFile; fileRef = 23B267871BDDD756003887E3 /* PublicKey.swift */; };
		23CAF2AD1C7AB6CA005011C4 /* PublicKey.swift in Sources */ = {isa = PBXBuildFile; fileRef = 23B267871BDDD756003887E3 /* PublicKey.swift */; };
		23CAF2AE1C7AB6CD005011C4 /* Repositories.swift in Sources */ = {isa = PBXBuildFile; fileRef = 23B267881BDDD756003887E3 /* Repositories.swift */; };
		23CAF2AF1C7AB6CD005011C4 /* Repositories.swift in Sources */ = {isa = PBXBuildFile; fileRef = 23B267881BDDD756003887E3 /* Repositories.swift */; };
		23CAF2B01C7AB6CE005011C4 /* Repositories.swift in Sources */ = {isa = PBXBuildFile; fileRef = 23B267881BDDD756003887E3 /* Repositories.swift */; };
		23CAF2B11C7AB6D1005011C4 /* User.swift in Sources */ = {isa = PBXBuildFile; fileRef = 23B267891BDDD756003887E3 /* User.swift */; };
		23CAF2B21C7AB6D1005011C4 /* User.swift in Sources */ = {isa = PBXBuildFile; fileRef = 23B267891BDDD756003887E3 /* User.swift */; };
		23CAF2B31C7AB6D2005011C4 /* User.swift in Sources */ = {isa = PBXBuildFile; fileRef = 23B267891BDDD756003887E3 /* User.swift */; };
		23CAF2B41C7AB6D4005011C4 /* Stars.swift in Sources */ = {isa = PBXBuildFile; fileRef = E7EE59D71BDFEFB30012E3D2 /* Stars.swift */; };
		23CAF2B51C7AB6D5005011C4 /* Stars.swift in Sources */ = {isa = PBXBuildFile; fileRef = E7EE59D71BDFEFB30012E3D2 /* Stars.swift */; };
		23CAF2B61C7AB6D5005011C4 /* Stars.swift in Sources */ = {isa = PBXBuildFile; fileRef = E7EE59D71BDFEFB30012E3D2 /* Stars.swift */; };
		23CAF2B71C7AB6EB005011C4 /* Time.swift in Sources */ = {isa = PBXBuildFile; fileRef = F8711EA11BFCAE9F005DDACA /* Time.swift */; };
		23CAF2B81C7AB6EB005011C4 /* Time.swift in Sources */ = {isa = PBXBuildFile; fileRef = F8711EA11BFCAE9F005DDACA /* Time.swift */; };
		23CAF2B91C7AB6EC005011C4 /* Time.swift in Sources */ = {isa = PBXBuildFile; fileRef = F8711EA11BFCAE9F005DDACA /* Time.swift */; };
		23CAF2BA1C7AB6F1005011C4 /* ConfigurationTests.swift in Sources */ = {isa = PBXBuildFile; fileRef = 234F4BC91BDDE3F900A58EF7 /* ConfigurationTests.swift */; };
		23CAF2BB1C7AB6F1005011C4 /* ConfigurationTests.swift in Sources */ = {isa = PBXBuildFile; fileRef = 234F4BC91BDDE3F900A58EF7 /* ConfigurationTests.swift */; };
		23CAF2BC1C7AB6FC005011C4 /* FollowTests.swift in Sources */ = {isa = PBXBuildFile; fileRef = E7EE59DD1BE11C2A0012E3D2 /* FollowTests.swift */; };
		23CAF2BD1C7AB6FC005011C4 /* FollowTests.swift in Sources */ = {isa = PBXBuildFile; fileRef = E7EE59DD1BE11C2A0012E3D2 /* FollowTests.swift */; };
		23CAF2BE1C7AB6FE005011C4 /* OctokitSwiftTests.swift in Sources */ = {isa = PBXBuildFile; fileRef = 234F4BCB1BDDE3F900A58EF7 /* OctokitSwiftTests.swift */; };
		23CAF2BF1C7AB6FF005011C4 /* OctokitSwiftTests.swift in Sources */ = {isa = PBXBuildFile; fileRef = 234F4BCB1BDDE3F900A58EF7 /* OctokitSwiftTests.swift */; };
		23CAF2C01C7AB702005011C4 /* PublicKeyTests.swift in Sources */ = {isa = PBXBuildFile; fileRef = 234F4BCC1BDDE3F900A58EF7 /* PublicKeyTests.swift */; };
		23CAF2C11C7AB702005011C4 /* PublicKeyTests.swift in Sources */ = {isa = PBXBuildFile; fileRef = 234F4BCC1BDDE3F900A58EF7 /* PublicKeyTests.swift */; };
		23CAF2C21C7AB705005011C4 /* RepositoryTests.swift in Sources */ = {isa = PBXBuildFile; fileRef = 234F4BCD1BDDE3F900A58EF7 /* RepositoryTests.swift */; };
		23CAF2C31C7AB706005011C4 /* RepositoryTests.swift in Sources */ = {isa = PBXBuildFile; fileRef = 234F4BCD1BDDE3F900A58EF7 /* RepositoryTests.swift */; };
		23CAF2C41C7AB708005011C4 /* StarsTests.swift in Sources */ = {isa = PBXBuildFile; fileRef = E7EE59D91BE10DA60012E3D2 /* StarsTests.swift */; };
		23CAF2C51C7AB709005011C4 /* StarsTests.swift in Sources */ = {isa = PBXBuildFile; fileRef = E7EE59D91BE10DA60012E3D2 /* StarsTests.swift */; };
		23CAF2C61C7AB70B005011C4 /* TestHelper.swift in Sources */ = {isa = PBXBuildFile; fileRef = 234F4BCE1BDDE3F900A58EF7 /* TestHelper.swift */; };
		23CAF2C71C7AB70C005011C4 /* TestHelper.swift in Sources */ = {isa = PBXBuildFile; fileRef = 234F4BCE1BDDE3F900A58EF7 /* TestHelper.swift */; };
		23CAF2CA1C7AB711005011C4 /* UserTests.swift in Sources */ = {isa = PBXBuildFile; fileRef = 234F4BCF1BDDE3F900A58EF7 /* UserTests.swift */; };
		23CAF2CB1C7AB712005011C4 /* UserTests.swift in Sources */ = {isa = PBXBuildFile; fileRef = 234F4BCF1BDDE3F900A58EF7 /* UserTests.swift */; };
		23CAF2CC1C7AB728005011C4 /* OctoKit.h in Headers */ = {isa = PBXBuildFile; fileRef = 239BE7CD1B8C47A100D2CE22 /* OctoKit.h */; settings = {ATTRIBUTES = (Public, ); }; };
		23CAF2CE1C7AB73D005011C4 /* OctoKit.h in Headers */ = {isa = PBXBuildFile; fileRef = 239BE7CD1B8C47A100D2CE22 /* OctoKit.h */; settings = {ATTRIBUTES = (Public, ); }; };
		23CAF2D11C7AB759005011C4 /* OctoKit.h in Headers */ = {isa = PBXBuildFile; fileRef = 239BE7CD1B8C47A100D2CE22 /* OctoKit.h */; settings = {ATTRIBUTES = (Public, ); }; };
		23CAF2D51C7AB9C0005011C4 /* RequestKit.framework in Frameworks */ = {isa = PBXBuildFile; fileRef = 23CAF2D41C7AB9C0005011C4 /* RequestKit.framework */; };
		23CAF2D91C7AB9DB005011C4 /* RequestKit.framework in Frameworks */ = {isa = PBXBuildFile; fileRef = 23CAF2D81C7AB9DB005011C4 /* RequestKit.framework */; };
		23CAF2DA1C7ABA67005011C4 /* RequestKit.framework in Frameworks */ = {isa = PBXBuildFile; fileRef = 23CAF2D61C7AB9CE005011C4 /* RequestKit.framework */; };
		23F6433F1C7AEED7000427B3 /* RequestKit.framework in Carthage embed */ = {isa = PBXBuildFile; fileRef = 23CAF2D41C7AB9C0005011C4 /* RequestKit.framework */; settings = {ATTRIBUTES = (CodeSignOnCopy, RemoveHeadersOnCopy, ); }; };
		23F643451C7AEF37000427B3 /* RequestKit.framework in Carthage embed */ = {isa = PBXBuildFile; fileRef = 23CAF2D61C7AB9CE005011C4 /* RequestKit.framework */; settings = {ATTRIBUTES = (CodeSignOnCopy, RemoveHeadersOnCopy, ); }; };
		23F643461C7AEF63000427B3 /* public_key.json in Resources */ = {isa = PBXBuildFile; fileRef = 234F4BD81BDDE44600A58EF7 /* public_key.json */; };
		23F643471C7AEF63000427B3 /* public_key.json in Resources */ = {isa = PBXBuildFile; fileRef = 234F4BD81BDDE44600A58EF7 /* public_key.json */; };
		23F643481C7AEF66000427B3 /* repo.json in Resources */ = {isa = PBXBuildFile; fileRef = 234F4BD91BDDE44600A58EF7 /* repo.json */; };
		23F643491C7AEF67000427B3 /* repo.json in Resources */ = {isa = PBXBuildFile; fileRef = 234F4BD91BDDE44600A58EF7 /* repo.json */; };
		23F6434A1C7AEF69000427B3 /* user_me.json in Resources */ = {isa = PBXBuildFile; fileRef = 234F4BDA1BDDE44600A58EF7 /* user_me.json */; };
		23F6434B1C7AEF6A000427B3 /* user_me.json in Resources */ = {isa = PBXBuildFile; fileRef = 234F4BDA1BDDE44600A58EF7 /* user_me.json */; };
		23F6434C1C7AEF6C000427B3 /* user_mietzmithut.json in Resources */ = {isa = PBXBuildFile; fileRef = 234F4BDB1BDDE44600A58EF7 /* user_mietzmithut.json */; };
		23F6434D1C7AEF6D000427B3 /* user_mietzmithut.json in Resources */ = {isa = PBXBuildFile; fileRef = 234F4BDB1BDDE44600A58EF7 /* user_mietzmithut.json */; };
		23F6434E1C7AEF6F000427B3 /* user_repos.json in Resources */ = {isa = PBXBuildFile; fileRef = 234F4BDC1BDDE44600A58EF7 /* user_repos.json */; };
		23F6434F1C7AEF70000427B3 /* user_repos.json in Resources */ = {isa = PBXBuildFile; fileRef = 234F4BDC1BDDE44600A58EF7 /* user_repos.json */; };
		23F643501C7AEF72000427B3 /* users.json in Resources */ = {isa = PBXBuildFile; fileRef = E7EE59DF1BE139FD0012E3D2 /* users.json */; };
		23F643511C7AEF73000427B3 /* users.json in Resources */ = {isa = PBXBuildFile; fileRef = E7EE59DF1BE139FD0012E3D2 /* users.json */; };
		BF8C711C2C6B42F9F323FCFE /* pull_requests.json in Resources */ = {isa = PBXBuildFile; fileRef = BF8C79B71035B425F7748392 /* pull_requests.json */; };
		BF8C716EB8D5CA2CBBA745CB /* pull_request.json in Resources */ = {isa = PBXBuildFile; fileRef = BF8C77314F563A710F11E2F6 /* pull_request.json */; };
		BF8C719220F02AC04EF3D137 /* PullRequestTests.swift in Sources */ = {isa = PBXBuildFile; fileRef = BF8C76EB002802C14A08F63E /* PullRequestTests.swift */; };
		BF8C725A44F262E5305385CC /* PullRequestTests.swift in Sources */ = {isa = PBXBuildFile; fileRef = BF8C76EB002802C14A08F63E /* PullRequestTests.swift */; };
		BF8C732A1D13EFA1DE994A6B /* PullRequestTests.swift in Sources */ = {isa = PBXBuildFile; fileRef = BF8C76EB002802C14A08F63E /* PullRequestTests.swift */; };
		BF8C7567F24BC2E1EB83EE57 /* Parameters.swift in Sources */ = {isa = PBXBuildFile; fileRef = BF8C72B985869B84F46B4E9D /* Parameters.swift */; };
		BF8C7808F0A0A71D0110AD43 /* PullRequest.swift in Sources */ = {isa = PBXBuildFile; fileRef = BF8C73E0EF3CEEBDEA68DD5E /* PullRequest.swift */; };
		BF8C78845606511558E7B929 /* pull_requests.json in Resources */ = {isa = PBXBuildFile; fileRef = BF8C79B71035B425F7748392 /* pull_requests.json */; };
		BF8C7923F427B3CFC6833337 /* pull_requests.json in Resources */ = {isa = PBXBuildFile; fileRef = BF8C79B71035B425F7748392 /* pull_requests.json */; };
		BF8C797115D9BB2DE41E59E6 /* PullRequest.swift in Sources */ = {isa = PBXBuildFile; fileRef = BF8C73E0EF3CEEBDEA68DD5E /* PullRequest.swift */; };
		BF8C7A3F2B4817EF3AD1B315 /* Parameters.swift in Sources */ = {isa = PBXBuildFile; fileRef = BF8C72B985869B84F46B4E9D /* Parameters.swift */; };
		BF8C7A686709462323C702D8 /* pull_request.json in Resources */ = {isa = PBXBuildFile; fileRef = BF8C77314F563A710F11E2F6 /* pull_request.json */; };
		BF8C7AB9EBD2E18007A8B77D /* Parameters.swift in Sources */ = {isa = PBXBuildFile; fileRef = BF8C72B985869B84F46B4E9D /* Parameters.swift */; };
		BF8C7B976A0652C486FAF736 /* pull_request.json in Resources */ = {isa = PBXBuildFile; fileRef = BF8C77314F563A710F11E2F6 /* pull_request.json */; };
		BF8C7BE0F4071324EBDCA204 /* PullRequest.swift in Sources */ = {isa = PBXBuildFile; fileRef = BF8C73E0EF3CEEBDEA68DD5E /* PullRequest.swift */; };
		BF8C7DEE90DD25CBCA4AEE71 /* Parameters.swift in Sources */ = {isa = PBXBuildFile; fileRef = BF8C72B985869B84F46B4E9D /* Parameters.swift */; };
		BF8C7FFFDDAFA560EBEC35EE /* PullRequest.swift in Sources */ = {isa = PBXBuildFile; fileRef = BF8C73E0EF3CEEBDEA68DD5E /* PullRequest.swift */; };
		DABBDE501C8C0C20008F57CD /* issue.json in Resources */ = {isa = PBXBuildFile; fileRef = DABBDE4F1C8C0C20008F57CD /* issue.json */; };
		DABBDE511C8C0C20008F57CD /* issue.json in Resources */ = {isa = PBXBuildFile; fileRef = DABBDE4F1C8C0C20008F57CD /* issue.json */; };
		DABBDE521C8C0C20008F57CD /* issue.json in Resources */ = {isa = PBXBuildFile; fileRef = DABBDE4F1C8C0C20008F57CD /* issue.json */; };
		DAEFC5901C83D85100CF3785 /* Label.swift in Sources */ = {isa = PBXBuildFile; fileRef = DAEFC58F1C83D85100CF3785 /* Label.swift */; };
		DAEFC5911C83D85100CF3785 /* Label.swift in Sources */ = {isa = PBXBuildFile; fileRef = DAEFC58F1C83D85100CF3785 /* Label.swift */; };
		DAEFC5921C83D85100CF3785 /* Label.swift in Sources */ = {isa = PBXBuildFile; fileRef = DAEFC58F1C83D85100CF3785 /* Label.swift */; };
		DAEFC5931C83D85100CF3785 /* Label.swift in Sources */ = {isa = PBXBuildFile; fileRef = DAEFC58F1C83D85100CF3785 /* Label.swift */; };
		DAEFC5951C83EF0D00CF3785 /* Milestone.swift in Sources */ = {isa = PBXBuildFile; fileRef = DAEFC5941C83EF0D00CF3785 /* Milestone.swift */; };
		DAEFC5961C83EF0D00CF3785 /* Milestone.swift in Sources */ = {isa = PBXBuildFile; fileRef = DAEFC5941C83EF0D00CF3785 /* Milestone.swift */; };
		DAEFC5971C83EF0D00CF3785 /* Milestone.swift in Sources */ = {isa = PBXBuildFile; fileRef = DAEFC5941C83EF0D00CF3785 /* Milestone.swift */; };
		DAEFC5981C83EF0D00CF3785 /* Milestone.swift in Sources */ = {isa = PBXBuildFile; fileRef = DAEFC5941C83EF0D00CF3785 /* Milestone.swift */; };
		E7EDEA6A1C871CEB006BAAF2 /* Issue.swift in Sources */ = {isa = PBXBuildFile; fileRef = E7EDEA691C871CEB006BAAF2 /* Issue.swift */; };
		E7EDEA6C1C871D01006BAAF2 /* IssueTests.swift in Sources */ = {isa = PBXBuildFile; fileRef = E7EDEA6B1C871D01006BAAF2 /* IssueTests.swift */; };
		E7EDEA6E1C871D0E006BAAF2 /* issues.json in Resources */ = {isa = PBXBuildFile; fileRef = E7EDEA6D1C871D0E006BAAF2 /* issues.json */; };
		E7EDEA6F1C871F81006BAAF2 /* Issue.swift in Sources */ = {isa = PBXBuildFile; fileRef = E7EDEA691C871CEB006BAAF2 /* Issue.swift */; };
		E7EDEA701C871F81006BAAF2 /* Issue.swift in Sources */ = {isa = PBXBuildFile; fileRef = E7EDEA691C871CEB006BAAF2 /* Issue.swift */; };
		E7EDEA711C871F82006BAAF2 /* Issue.swift in Sources */ = {isa = PBXBuildFile; fileRef = E7EDEA691C871CEB006BAAF2 /* Issue.swift */; };
		E7EDEA721C871F94006BAAF2 /* IssueTests.swift in Sources */ = {isa = PBXBuildFile; fileRef = E7EDEA6B1C871D01006BAAF2 /* IssueTests.swift */; };
		E7EDEA731C871F95006BAAF2 /* IssueTests.swift in Sources */ = {isa = PBXBuildFile; fileRef = E7EDEA6B1C871D01006BAAF2 /* IssueTests.swift */; };
		E7EDEA741C871FA8006BAAF2 /* issues.json in Resources */ = {isa = PBXBuildFile; fileRef = E7EDEA6D1C871D0E006BAAF2 /* issues.json */; };
		E7EDEA751C871FA9006BAAF2 /* issues.json in Resources */ = {isa = PBXBuildFile; fileRef = E7EDEA6D1C871D0E006BAAF2 /* issues.json */; };
		E7EE59D81BDFEFB30012E3D2 /* Stars.swift in Sources */ = {isa = PBXBuildFile; fileRef = E7EE59D71BDFEFB30012E3D2 /* Stars.swift */; };
		E7EE59DA1BE10DA60012E3D2 /* StarsTests.swift in Sources */ = {isa = PBXBuildFile; fileRef = E7EE59D91BE10DA60012E3D2 /* StarsTests.swift */; };
		E7EE59DC1BE119110012E3D2 /* Follow.swift in Sources */ = {isa = PBXBuildFile; fileRef = E7EE59DB1BE119110012E3D2 /* Follow.swift */; };
		E7EE59DE1BE11C2A0012E3D2 /* FollowTests.swift in Sources */ = {isa = PBXBuildFile; fileRef = E7EE59DD1BE11C2A0012E3D2 /* FollowTests.swift */; };
		E7EE59E01BE139FD0012E3D2 /* users.json in Resources */ = {isa = PBXBuildFile; fileRef = E7EE59DF1BE139FD0012E3D2 /* users.json */; };
		F8711EA21BFCAE9F005DDACA /* Time.swift in Sources */ = {isa = PBXBuildFile; fileRef = F8711EA11BFCAE9F005DDACA /* Time.swift */; };
/* End PBXBuildFile section */

/* Begin PBXContainerItemProxy section */
		234F4BAF1BDDE31A00A58EF7 /* PBXContainerItemProxy */ = {
			isa = PBXContainerItemProxy;
			containerPortal = F01C6F2C1A6429CC0072FA44 /* Project object */;
			proxyType = 1;
			remoteGlobalIDString = 239BE7C81B8C47A100D2CE22;
			remoteInfo = OctoKit;
		};
		23CAF26D1C7AB5FC005011C4 /* PBXContainerItemProxy */ = {
			isa = PBXContainerItemProxy;
			containerPortal = F01C6F2C1A6429CC0072FA44 /* Project object */;
			proxyType = 1;
			remoteGlobalIDString = 23CAF2611C7AB5FB005011C4;
			remoteInfo = "OctoKit tvOS";
		};
		23CAF2891C7AB60D005011C4 /* PBXContainerItemProxy */ = {
			isa = PBXContainerItemProxy;
			containerPortal = F01C6F2C1A6429CC0072FA44 /* Project object */;
			proxyType = 1;
			remoteGlobalIDString = 23CAF27D1C7AB60C005011C4;
			remoteInfo = "OctoKit Mac";
		};
/* End PBXContainerItemProxy section */

/* Begin PBXCopyFilesBuildPhase section */
		234F4BC21BDDE36300A58EF7 /* Carthage embed */ = {
			isa = PBXCopyFilesBuildPhase;
			buildActionMask = 2147483647;
			dstPath = "";
			dstSubfolderSpec = 10;
			files = (
				234F4C401BDE113800A58EF7 /* RequestKit.framework in Carthage embed */,
			);
			name = "Carthage embed";
			runOnlyForDeploymentPostprocessing = 0;
		};
		23F6433A1C7AEE7C000427B3 /* Carthage embed */ = {
			isa = PBXCopyFilesBuildPhase;
			buildActionMask = 2147483647;
			dstPath = "";
			dstSubfolderSpec = 10;
			files = (
				23F6433F1C7AEED7000427B3 /* RequestKit.framework in Carthage embed */,
			);
			name = "Carthage embed";
			runOnlyForDeploymentPostprocessing = 0;
		};
		23F643411C7AEF13000427B3 /* Carthage embed */ = {
			isa = PBXCopyFilesBuildPhase;
			buildActionMask = 2147483647;
			dstPath = "";
			dstSubfolderSpec = 10;
			files = (
				23F643451C7AEF37000427B3 /* RequestKit.framework in Carthage embed */,
			);
			name = "Carthage embed";
			runOnlyForDeploymentPostprocessing = 0;
		};
/* End PBXCopyFilesBuildPhase section */

/* Begin PBXFileReference section */
		234F4BA91BDDE31A00A58EF7 /* OctoKitTests.xctest */ = {isa = PBXFileReference; explicitFileType = wrapper.cfbundle; includeInIndex = 0; path = OctoKitTests.xctest; sourceTree = BUILT_PRODUCTS_DIR; };
		234F4BAD1BDDE31A00A58EF7 /* Info.plist */ = {isa = PBXFileReference; lastKnownFileType = text.plist.xml; path = Info.plist; sourceTree = "<group>"; };
		234F4BC91BDDE3F900A58EF7 /* ConfigurationTests.swift */ = {isa = PBXFileReference; fileEncoding = 4; lastKnownFileType = sourcecode.swift; path = ConfigurationTests.swift; sourceTree = "<group>"; };
		234F4BCB1BDDE3F900A58EF7 /* OctokitSwiftTests.swift */ = {isa = PBXFileReference; fileEncoding = 4; lastKnownFileType = sourcecode.swift; path = OctokitSwiftTests.swift; sourceTree = "<group>"; };
		234F4BCC1BDDE3F900A58EF7 /* PublicKeyTests.swift */ = {isa = PBXFileReference; fileEncoding = 4; lastKnownFileType = sourcecode.swift; path = PublicKeyTests.swift; sourceTree = "<group>"; };
		234F4BCD1BDDE3F900A58EF7 /* RepositoryTests.swift */ = {isa = PBXFileReference; fileEncoding = 4; lastKnownFileType = sourcecode.swift; path = RepositoryTests.swift; sourceTree = "<group>"; };
		234F4BCE1BDDE3F900A58EF7 /* TestHelper.swift */ = {isa = PBXFileReference; fileEncoding = 4; lastKnownFileType = sourcecode.swift; path = TestHelper.swift; sourceTree = "<group>"; };
		234F4BCF1BDDE3F900A58EF7 /* UserTests.swift */ = {isa = PBXFileReference; fileEncoding = 4; lastKnownFileType = sourcecode.swift; path = UserTests.swift; sourceTree = "<group>"; };
		234F4BD81BDDE44600A58EF7 /* public_key.json */ = {isa = PBXFileReference; fileEncoding = 4; lastKnownFileType = text.json; name = public_key.json; path = Fixtures/public_key.json; sourceTree = "<group>"; };
		234F4BD91BDDE44600A58EF7 /* repo.json */ = {isa = PBXFileReference; fileEncoding = 4; lastKnownFileType = text.json; name = repo.json; path = Fixtures/repo.json; sourceTree = "<group>"; };
		234F4BDA1BDDE44600A58EF7 /* user_me.json */ = {isa = PBXFileReference; fileEncoding = 4; lastKnownFileType = text.json; name = user_me.json; path = Fixtures/user_me.json; sourceTree = "<group>"; };
		234F4BDB1BDDE44600A58EF7 /* user_mietzmithut.json */ = {isa = PBXFileReference; fileEncoding = 4; lastKnownFileType = text.json; name = user_mietzmithut.json; path = Fixtures/user_mietzmithut.json; sourceTree = "<group>"; };
		234F4BDC1BDDE44600A58EF7 /* user_repos.json */ = {isa = PBXFileReference; fileEncoding = 4; lastKnownFileType = text.json; name = user_repos.json; path = Fixtures/user_repos.json; sourceTree = "<group>"; };
		234F4C3E1BDE0FE200A58EF7 /* RequestKit.framework */ = {isa = PBXFileReference; lastKnownFileType = wrapper.framework; name = RequestKit.framework; path = Carthage/Build/iOS/RequestKit.framework; sourceTree = "<group>"; };
		237F91E31E5AEC82005FAA6B /* URL+URLParameters.swift */ = {isa = PBXFileReference; fileEncoding = 4; lastKnownFileType = sourcecode.swift; path = "URL+URLParameters.swift"; sourceTree = "<group>"; };
		239BE7C91B8C47A100D2CE22 /* OctoKit.framework */ = {isa = PBXFileReference; explicitFileType = wrapper.framework; includeInIndex = 0; path = OctoKit.framework; sourceTree = BUILT_PRODUCTS_DIR; };
		239BE7CC1B8C47A100D2CE22 /* Info.plist */ = {isa = PBXFileReference; lastKnownFileType = text.plist.xml; path = Info.plist; sourceTree = "<group>"; };
		239BE7CD1B8C47A100D2CE22 /* OctoKit.h */ = {isa = PBXFileReference; lastKnownFileType = sourcecode.c.h; path = OctoKit.h; sourceTree = "<group>"; };
		23A0521E1CA924950068BFF7 /* OctoKitURLTestSession.swift */ = {isa = PBXFileReference; fileEncoding = 4; lastKnownFileType = sourcecode.swift; path = OctoKitURLTestSession.swift; sourceTree = "<group>"; };
		23B267851BDDD756003887E3 /* Configuration.swift */ = {isa = PBXFileReference; fileEncoding = 4; lastKnownFileType = sourcecode.swift; path = Configuration.swift; sourceTree = "<group>"; };
		23B267861BDDD756003887E3 /* Octokit.swift */ = {isa = PBXFileReference; fileEncoding = 4; lastKnownFileType = sourcecode.swift; path = Octokit.swift; sourceTree = "<group>"; };
		23B267871BDDD756003887E3 /* PublicKey.swift */ = {isa = PBXFileReference; fileEncoding = 4; lastKnownFileType = sourcecode.swift; path = PublicKey.swift; sourceTree = "<group>"; };
		23B267881BDDD756003887E3 /* Repositories.swift */ = {isa = PBXFileReference; fileEncoding = 4; lastKnownFileType = sourcecode.swift; path = Repositories.swift; sourceTree = "<group>"; };
		23B267891BDDD756003887E3 /* User.swift */ = {isa = PBXFileReference; fileEncoding = 4; lastKnownFileType = sourcecode.swift; path = User.swift; sourceTree = "<group>"; };
		23B2679C1BDDDBBE003887E3 /* Nocilla.framework */ = {isa = PBXFileReference; lastKnownFileType = wrapper.framework; name = Nocilla.framework; path = Carthage/Build/iOS/Nocilla.framework; sourceTree = "<group>"; };
		23CAF2621C7AB5FB005011C4 /* OctoKit.framework */ = {isa = PBXFileReference; explicitFileType = wrapper.framework; includeInIndex = 0; path = OctoKit.framework; sourceTree = BUILT_PRODUCTS_DIR; };
		23CAF26B1C7AB5FC005011C4 /* OctoKit tvOSTests.xctest */ = {isa = PBXFileReference; explicitFileType = wrapper.cfbundle; includeInIndex = 0; path = "OctoKit tvOSTests.xctest"; sourceTree = BUILT_PRODUCTS_DIR; };
		23CAF27E1C7AB60C005011C4 /* OctoKit.framework */ = {isa = PBXFileReference; explicitFileType = wrapper.framework; includeInIndex = 0; path = OctoKit.framework; sourceTree = BUILT_PRODUCTS_DIR; };
		23CAF2871C7AB60D005011C4 /* OctoKit MacTests.xctest */ = {isa = PBXFileReference; explicitFileType = wrapper.cfbundle; includeInIndex = 0; path = "OctoKit MacTests.xctest"; sourceTree = BUILT_PRODUCTS_DIR; };
		23CAF29A1C7AB619005011C4 /* OctoKit.framework */ = {isa = PBXFileReference; explicitFileType = wrapper.framework; includeInIndex = 0; path = OctoKit.framework; sourceTree = BUILT_PRODUCTS_DIR; };
		23CAF2D41C7AB9C0005011C4 /* RequestKit.framework */ = {isa = PBXFileReference; lastKnownFileType = wrapper.framework; name = RequestKit.framework; path = Carthage/Build/tvOS/RequestKit.framework; sourceTree = "<group>"; };
		23CAF2D61C7AB9CE005011C4 /* RequestKit.framework */ = {isa = PBXFileReference; lastKnownFileType = wrapper.framework; name = RequestKit.framework; path = Carthage/Build/Mac/RequestKit.framework; sourceTree = "<group>"; };
		23CAF2D81C7AB9DB005011C4 /* RequestKit.framework */ = {isa = PBXFileReference; lastKnownFileType = wrapper.framework; name = RequestKit.framework; path = Carthage/Build/watchOS/RequestKit.framework; sourceTree = "<group>"; };
		23F6433C1C7AEEB6000427B3 /* Nocilla.framework */ = {isa = PBXFileReference; lastKnownFileType = wrapper.framework; name = Nocilla.framework; path = Carthage/Build/tvOS/Nocilla.framework; sourceTree = "<group>"; };
		23F643421C7AEF2F000427B3 /* Nocilla.framework */ = {isa = PBXFileReference; lastKnownFileType = wrapper.framework; name = Nocilla.framework; path = Carthage/Build/Mac/Nocilla.framework; sourceTree = "<group>"; };
		BF8C72B985869B84F46B4E9D /* Parameters.swift */ = {isa = PBXFileReference; fileEncoding = 4; lastKnownFileType = sourcecode.swift; path = Parameters.swift; sourceTree = "<group>"; };
		BF8C73E0EF3CEEBDEA68DD5E /* PullRequest.swift */ = {isa = PBXFileReference; fileEncoding = 4; lastKnownFileType = sourcecode.swift; path = PullRequest.swift; sourceTree = "<group>"; };
		BF8C76EB002802C14A08F63E /* PullRequestTests.swift */ = {isa = PBXFileReference; fileEncoding = 4; lastKnownFileType = sourcecode.swift; path = PullRequestTests.swift; sourceTree = "<group>"; };
		BF8C77314F563A710F11E2F6 /* pull_request.json */ = {isa = PBXFileReference; fileEncoding = 4; lastKnownFileType = text.json; path = pull_request.json; sourceTree = "<group>"; };
		BF8C79B71035B425F7748392 /* pull_requests.json */ = {isa = PBXFileReference; fileEncoding = 4; lastKnownFileType = text.json; path = pull_requests.json; sourceTree = "<group>"; };
		DABBDE4F1C8C0C20008F57CD /* issue.json */ = {isa = PBXFileReference; fileEncoding = 4; lastKnownFileType = text.json; name = issue.json; path = Fixtures/issue.json; sourceTree = "<group>"; };
		DAEFC58F1C83D85100CF3785 /* Label.swift */ = {isa = PBXFileReference; fileEncoding = 4; lastKnownFileType = sourcecode.swift; path = Label.swift; sourceTree = "<group>"; };
		DAEFC5941C83EF0D00CF3785 /* Milestone.swift */ = {isa = PBXFileReference; fileEncoding = 4; lastKnownFileType = sourcecode.swift; path = Milestone.swift; sourceTree = "<group>"; };
		E7EDEA691C871CEB006BAAF2 /* Issue.swift */ = {isa = PBXFileReference; fileEncoding = 4; lastKnownFileType = sourcecode.swift; path = Issue.swift; sourceTree = "<group>"; };
		E7EDEA6B1C871D01006BAAF2 /* IssueTests.swift */ = {isa = PBXFileReference; fileEncoding = 4; lastKnownFileType = sourcecode.swift; path = IssueTests.swift; sourceTree = "<group>"; };
		E7EDEA6D1C871D0E006BAAF2 /* issues.json */ = {isa = PBXFileReference; fileEncoding = 4; lastKnownFileType = text.json; name = issues.json; path = Fixtures/issues.json; sourceTree = "<group>"; };
		E7EE59D71BDFEFB30012E3D2 /* Stars.swift */ = {isa = PBXFileReference; fileEncoding = 4; lastKnownFileType = sourcecode.swift; path = Stars.swift; sourceTree = "<group>"; };
		E7EE59D91BE10DA60012E3D2 /* StarsTests.swift */ = {isa = PBXFileReference; fileEncoding = 4; lastKnownFileType = sourcecode.swift; path = StarsTests.swift; sourceTree = "<group>"; };
		E7EE59DB1BE119110012E3D2 /* Follow.swift */ = {isa = PBXFileReference; fileEncoding = 4; lastKnownFileType = sourcecode.swift; path = Follow.swift; sourceTree = "<group>"; };
		E7EE59DD1BE11C2A0012E3D2 /* FollowTests.swift */ = {isa = PBXFileReference; fileEncoding = 4; lastKnownFileType = sourcecode.swift; path = FollowTests.swift; sourceTree = "<group>"; };
		E7EE59DF1BE139FD0012E3D2 /* users.json */ = {isa = PBXFileReference; fileEncoding = 4; lastKnownFileType = text.json; path = users.json; sourceTree = "<group>"; };
		F8711EA11BFCAE9F005DDACA /* Time.swift */ = {isa = PBXFileReference; fileEncoding = 4; lastKnownFileType = sourcecode.swift; path = Time.swift; sourceTree = "<group>"; };
/* End PBXFileReference section */

/* Begin PBXFrameworksBuildPhase section */
		234F4BA61BDDE31A00A58EF7 /* Frameworks */ = {
			isa = PBXFrameworksBuildPhase;
			buildActionMask = 2147483647;
			files = (
				234F4BAE1BDDE31A00A58EF7 /* OctoKit.framework in Frameworks */,
			);
			runOnlyForDeploymentPostprocessing = 0;
		};
		239BE7C51B8C47A100D2CE22 /* Frameworks */ = {
			isa = PBXFrameworksBuildPhase;
			buildActionMask = 2147483647;
			files = (
				234F4C3F1BDE0FE200A58EF7 /* RequestKit.framework in Frameworks */,
			);
			runOnlyForDeploymentPostprocessing = 0;
		};
		23CAF25E1C7AB5FB005011C4 /* Frameworks */ = {
			isa = PBXFrameworksBuildPhase;
			buildActionMask = 2147483647;
			files = (
				23CAF2D51C7AB9C0005011C4 /* RequestKit.framework in Frameworks */,
			);
			runOnlyForDeploymentPostprocessing = 0;
		};
		23CAF2681C7AB5FC005011C4 /* Frameworks */ = {
			isa = PBXFrameworksBuildPhase;
			buildActionMask = 2147483647;
			files = (
				23CAF26C1C7AB5FC005011C4 /* OctoKit.framework in Frameworks */,
			);
			runOnlyForDeploymentPostprocessing = 0;
		};
		23CAF27A1C7AB60C005011C4 /* Frameworks */ = {
			isa = PBXFrameworksBuildPhase;
			buildActionMask = 2147483647;
			files = (
				23CAF2DA1C7ABA67005011C4 /* RequestKit.framework in Frameworks */,
			);
			runOnlyForDeploymentPostprocessing = 0;
		};
		23CAF2841C7AB60D005011C4 /* Frameworks */ = {
			isa = PBXFrameworksBuildPhase;
			buildActionMask = 2147483647;
			files = (
				23CAF2881C7AB60D005011C4 /* OctoKit.framework in Frameworks */,
			);
			runOnlyForDeploymentPostprocessing = 0;
		};
		23CAF2961C7AB619005011C4 /* Frameworks */ = {
			isa = PBXFrameworksBuildPhase;
			buildActionMask = 2147483647;
			files = (
				23CAF2D91C7AB9DB005011C4 /* RequestKit.framework in Frameworks */,
			);
			runOnlyForDeploymentPostprocessing = 0;
		};
/* End PBXFrameworksBuildPhase section */

/* Begin PBXGroup section */
		234F4BAA1BDDE31A00A58EF7 /* OctoKitTests */ = {
			isa = PBXGroup;
			children = (
				234F4BD71BDDE40400A58EF7 /* Fixtures */,
				234F4BC91BDDE3F900A58EF7 /* ConfigurationTests.swift */,
				E7EE59DD1BE11C2A0012E3D2 /* FollowTests.swift */,
				E7EDEA6B1C871D01006BAAF2 /* IssueTests.swift */,
				234F4BCB1BDDE3F900A58EF7 /* OctokitSwiftTests.swift */,
				234F4BCC1BDDE3F900A58EF7 /* PublicKeyTests.swift */,
				234F4BCD1BDDE3F900A58EF7 /* RepositoryTests.swift */,
				E7EE59D91BE10DA60012E3D2 /* StarsTests.swift */,
				234F4BCE1BDDE3F900A58EF7 /* TestHelper.swift */,
				234F4BCF1BDDE3F900A58EF7 /* UserTests.swift */,
				23A0521E1CA924950068BFF7 /* OctoKitURLTestSession.swift */,
				234F4BAD1BDDE31A00A58EF7 /* Info.plist */,
				BF8C76EB002802C14A08F63E /* PullRequestTests.swift */,
			);
			path = OctoKitTests;
			sourceTree = "<group>";
		};
		234F4BD71BDDE40400A58EF7 /* Fixtures */ = {
			isa = PBXGroup;
			children = (
				DABBDE4F1C8C0C20008F57CD /* issue.json */,
				E7EDEA6D1C871D0E006BAAF2 /* issues.json */,
				234F4BD81BDDE44600A58EF7 /* public_key.json */,
				234F4BD91BDDE44600A58EF7 /* repo.json */,
				234F4BDA1BDDE44600A58EF7 /* user_me.json */,
				234F4BDB1BDDE44600A58EF7 /* user_mietzmithut.json */,
				234F4BDC1BDDE44600A58EF7 /* user_repos.json */,
				E7EE59DF1BE139FD0012E3D2 /* users.json */,
				BF8C79B71035B425F7748392 /* pull_requests.json */,
				BF8C77314F563A710F11E2F6 /* pull_request.json */,
			);
			name = Fixtures;
			sourceTree = "<group>";
		};
		239BE7CA1B8C47A100D2CE22 /* OctoKit */ = {
			isa = PBXGroup;
			children = (
				239BE7CD1B8C47A100D2CE22 /* OctoKit.h */,
				23B267851BDDD756003887E3 /* Configuration.swift */,
				E7EE59DB1BE119110012E3D2 /* Follow.swift */,
				E7EDEA691C871CEB006BAAF2 /* Issue.swift */,
				DAEFC58F1C83D85100CF3785 /* Label.swift */,
				DAEFC5941C83EF0D00CF3785 /* Milestone.swift */,
				23B267861BDDD756003887E3 /* Octokit.swift */,
				23B267871BDDD756003887E3 /* PublicKey.swift */,
				23B267881BDDD756003887E3 /* Repositories.swift */,
				23B267891BDDD756003887E3 /* User.swift */,
				E7EE59D71BDFEFB30012E3D2 /* Stars.swift */,
				F8711EA11BFCAE9F005DDACA /* Time.swift */,
				237F91E31E5AEC82005FAA6B /* URL+URLParameters.swift */,
				239BE7CB1B8C47A100D2CE22 /* Supporting Files */,
				BF8C73E0EF3CEEBDEA68DD5E /* PullRequest.swift */,
				BF8C72B985869B84F46B4E9D /* Parameters.swift */,
			);
			path = OctoKit;
			sourceTree = "<group>";
		};
		239BE7CB1B8C47A100D2CE22 /* Supporting Files */ = {
			isa = PBXGroup;
			children = (
				239BE7CC1B8C47A100D2CE22 /* Info.plist */,
			);
			name = "Supporting Files";
			sourceTree = "<group>";
		};
		B975D5A3F8B0384EFB0C5863 /* Frameworks */ = {
			isa = PBXGroup;
			children = (
				23F643421C7AEF2F000427B3 /* Nocilla.framework */,
				23F6433C1C7AEEB6000427B3 /* Nocilla.framework */,
				23CAF2D81C7AB9DB005011C4 /* RequestKit.framework */,
				23CAF2D61C7AB9CE005011C4 /* RequestKit.framework */,
				23CAF2D41C7AB9C0005011C4 /* RequestKit.framework */,
				234F4C3E1BDE0FE200A58EF7 /* RequestKit.framework */,
				23B2679C1BDDDBBE003887E3 /* Nocilla.framework */,
			);
			name = Frameworks;
			sourceTree = "<group>";
		};
		F01C6F2B1A6429CC0072FA44 = {
			isa = PBXGroup;
			children = (
				239BE7CA1B8C47A100D2CE22 /* OctoKit */,
				234F4BAA1BDDE31A00A58EF7 /* OctoKitTests */,
				F01C6F351A6429CC0072FA44 /* Products */,
				B975D5A3F8B0384EFB0C5863 /* Frameworks */,
			);
			sourceTree = "<group>";
		};
		F01C6F351A6429CC0072FA44 /* Products */ = {
			isa = PBXGroup;
			children = (
				239BE7C91B8C47A100D2CE22 /* OctoKit.framework */,
				234F4BA91BDDE31A00A58EF7 /* OctoKitTests.xctest */,
				23CAF2621C7AB5FB005011C4 /* OctoKit.framework */,
				23CAF26B1C7AB5FC005011C4 /* OctoKit tvOSTests.xctest */,
				23CAF27E1C7AB60C005011C4 /* OctoKit.framework */,
				23CAF2871C7AB60D005011C4 /* OctoKit MacTests.xctest */,
				23CAF29A1C7AB619005011C4 /* OctoKit.framework */,
			);
			name = Products;
			sourceTree = "<group>";
		};
/* End PBXGroup section */

/* Begin PBXHeadersBuildPhase section */
		239BE7C61B8C47A100D2CE22 /* Headers */ = {
			isa = PBXHeadersBuildPhase;
			buildActionMask = 2147483647;
			files = (
				239BE7CE1B8C47A100D2CE22 /* OctoKit.h in Headers */,
			);
			runOnlyForDeploymentPostprocessing = 0;
		};
		23CAF25F1C7AB5FB005011C4 /* Headers */ = {
			isa = PBXHeadersBuildPhase;
			buildActionMask = 2147483647;
			files = (
				23CAF2CC1C7AB728005011C4 /* OctoKit.h in Headers */,
			);
			runOnlyForDeploymentPostprocessing = 0;
		};
		23CAF27B1C7AB60C005011C4 /* Headers */ = {
			isa = PBXHeadersBuildPhase;
			buildActionMask = 2147483647;
			files = (
				23CAF2CE1C7AB73D005011C4 /* OctoKit.h in Headers */,
			);
			runOnlyForDeploymentPostprocessing = 0;
		};
		23CAF2971C7AB619005011C4 /* Headers */ = {
			isa = PBXHeadersBuildPhase;
			buildActionMask = 2147483647;
			files = (
				23CAF2D11C7AB759005011C4 /* OctoKit.h in Headers */,
			);
			runOnlyForDeploymentPostprocessing = 0;
		};
/* End PBXHeadersBuildPhase section */

/* Begin PBXNativeTarget section */
		234F4BA81BDDE31A00A58EF7 /* OctoKitTests */ = {
			isa = PBXNativeTarget;
			buildConfigurationList = 234F4BB11BDDE31A00A58EF7 /* Build configuration list for PBXNativeTarget "OctoKitTests" */;
			buildPhases = (
				234F4BA51BDDE31A00A58EF7 /* Sources */,
				234F4BA61BDDE31A00A58EF7 /* Frameworks */,
				234F4BA71BDDE31A00A58EF7 /* Resources */,
				234F4BC21BDDE36300A58EF7 /* Carthage embed */,
			);
			buildRules = (
			);
			dependencies = (
				234F4BB01BDDE31A00A58EF7 /* PBXTargetDependency */,
			);
			name = OctoKitTests;
			productName = OctoKitTests;
			productReference = 234F4BA91BDDE31A00A58EF7 /* OctoKitTests.xctest */;
			productType = "com.apple.product-type.bundle.unit-test";
		};
		239BE7C81B8C47A100D2CE22 /* OctoKit */ = {
			isa = PBXNativeTarget;
			buildConfigurationList = 239BE7E01B8C47A100D2CE22 /* Build configuration list for PBXNativeTarget "OctoKit" */;
			buildPhases = (
				239BE7C41B8C47A100D2CE22 /* Sources */,
				239BE7C51B8C47A100D2CE22 /* Frameworks */,
				239BE7C61B8C47A100D2CE22 /* Headers */,
				239BE7C71B8C47A100D2CE22 /* Resources */,
			);
			buildRules = (
			);
			dependencies = (
			);
			name = OctoKit;
			productName = OctoKit;
			productReference = 239BE7C91B8C47A100D2CE22 /* OctoKit.framework */;
			productType = "com.apple.product-type.framework";
		};
		23CAF2611C7AB5FB005011C4 /* OctoKit tvOS */ = {
			isa = PBXNativeTarget;
			buildConfigurationList = 23CAF2771C7AB5FC005011C4 /* Build configuration list for PBXNativeTarget "OctoKit tvOS" */;
			buildPhases = (
				23CAF25D1C7AB5FB005011C4 /* Sources */,
				23CAF25E1C7AB5FB005011C4 /* Frameworks */,
				23CAF25F1C7AB5FB005011C4 /* Headers */,
				23CAF2601C7AB5FB005011C4 /* Resources */,
			);
			buildRules = (
			);
			dependencies = (
			);
			name = "OctoKit tvOS";
			productName = "OctoKit tvOS";
			productReference = 23CAF2621C7AB5FB005011C4 /* OctoKit.framework */;
			productType = "com.apple.product-type.framework";
		};
		23CAF26A1C7AB5FC005011C4 /* OctoKit tvOSTests */ = {
			isa = PBXNativeTarget;
			buildConfigurationList = 23CAF2781C7AB5FC005011C4 /* Build configuration list for PBXNativeTarget "OctoKit tvOSTests" */;
			buildPhases = (
				23CAF2671C7AB5FC005011C4 /* Sources */,
				23CAF2681C7AB5FC005011C4 /* Frameworks */,
				23CAF2691C7AB5FC005011C4 /* Resources */,
				23F6433A1C7AEE7C000427B3 /* Carthage embed */,
			);
			buildRules = (
			);
			dependencies = (
				23CAF26E1C7AB5FC005011C4 /* PBXTargetDependency */,
			);
			name = "OctoKit tvOSTests";
			productName = "OctoKit tvOSTests";
			productReference = 23CAF26B1C7AB5FC005011C4 /* OctoKit tvOSTests.xctest */;
			productType = "com.apple.product-type.bundle.unit-test";
		};
		23CAF27D1C7AB60C005011C4 /* OctoKit Mac */ = {
			isa = PBXNativeTarget;
			buildConfigurationList = 23CAF28F1C7AB60D005011C4 /* Build configuration list for PBXNativeTarget "OctoKit Mac" */;
			buildPhases = (
				23CAF2791C7AB60C005011C4 /* Sources */,
				23CAF27A1C7AB60C005011C4 /* Frameworks */,
				23CAF27B1C7AB60C005011C4 /* Headers */,
				23CAF27C1C7AB60C005011C4 /* Resources */,
			);
			buildRules = (
			);
			dependencies = (
			);
			name = "OctoKit Mac";
			productName = "OctoKit Mac";
			productReference = 23CAF27E1C7AB60C005011C4 /* OctoKit.framework */;
			productType = "com.apple.product-type.framework";
		};
		23CAF2861C7AB60D005011C4 /* OctoKit MacTests */ = {
			isa = PBXNativeTarget;
			buildConfigurationList = 23CAF2921C7AB60D005011C4 /* Build configuration list for PBXNativeTarget "OctoKit MacTests" */;
			buildPhases = (
				23CAF2831C7AB60D005011C4 /* Sources */,
				23CAF2841C7AB60D005011C4 /* Frameworks */,
				23CAF2851C7AB60D005011C4 /* Resources */,
				23F643411C7AEF13000427B3 /* Carthage embed */,
			);
			buildRules = (
			);
			dependencies = (
				23CAF28A1C7AB60D005011C4 /* PBXTargetDependency */,
			);
			name = "OctoKit MacTests";
			productName = "OctoKit MacTests";
			productReference = 23CAF2871C7AB60D005011C4 /* OctoKit MacTests.xctest */;
			productType = "com.apple.product-type.bundle.unit-test";
		};
		23CAF2991C7AB619005011C4 /* OctoKit watchOS */ = {
			isa = PBXNativeTarget;
			buildConfigurationList = 23CAF29F1C7AB619005011C4 /* Build configuration list for PBXNativeTarget "OctoKit watchOS" */;
			buildPhases = (
				23CAF2951C7AB619005011C4 /* Sources */,
				23CAF2961C7AB619005011C4 /* Frameworks */,
				23CAF2971C7AB619005011C4 /* Headers */,
				23CAF2981C7AB619005011C4 /* Resources */,
			);
			buildRules = (
			);
			dependencies = (
			);
			name = "OctoKit watchOS";
			productName = "OctoKit watchOS";
			productReference = 23CAF29A1C7AB619005011C4 /* OctoKit.framework */;
			productType = "com.apple.product-type.framework";
		};
/* End PBXNativeTarget section */

/* Begin PBXProject section */
		F01C6F2C1A6429CC0072FA44 /* Project object */ = {
			isa = PBXProject;
			attributes = {
				LastSwiftMigration = 0700;
				LastSwiftUpdateCheck = 0720;
				LastUpgradeCheck = 0820;
				ORGANIZATIONNAME = "nerdish by nature";
				TargetAttributes = {
					234F4BA81BDDE31A00A58EF7 = {
						CreatedOnToolsVersion = 7.1;
						LastSwiftMigration = 0800;
					};
					239BE7C81B8C47A100D2CE22 = {
						CreatedOnToolsVersion = 6.4;
						DevelopmentTeam = 3NPZ2HXWU8;
						DevelopmentTeamName = "Piet Brauer";
						LastSwiftMigration = 0800;
					};
					23CAF2611C7AB5FB005011C4 = {
						CreatedOnToolsVersion = 7.2.1;
					};
					23CAF26A1C7AB5FC005011C4 = {
						CreatedOnToolsVersion = 7.2.1;
					};
					23CAF27D1C7AB60C005011C4 = {
						CreatedOnToolsVersion = 7.2.1;
						LastSwiftMigration = 0830;
					};
					23CAF2861C7AB60D005011C4 = {
						CreatedOnToolsVersion = 7.2.1;
						LastSwiftMigration = 0830;
					};
					23CAF2991C7AB619005011C4 = {
						CreatedOnToolsVersion = 7.2.1;
					};
				};
			};
			buildConfigurationList = F01C6F2F1A6429CC0072FA44 /* Build configuration list for PBXProject "OctoKit" */;
			compatibilityVersion = "Xcode 3.2";
			developmentRegion = English;
			hasScannedForEncodings = 0;
			knownRegions = (
				en,
				Base,
			);
			mainGroup = F01C6F2B1A6429CC0072FA44;
			productRefGroup = F01C6F351A6429CC0072FA44 /* Products */;
			projectDirPath = "";
			projectRoot = "";
			targets = (
				239BE7C81B8C47A100D2CE22 /* OctoKit */,
				234F4BA81BDDE31A00A58EF7 /* OctoKitTests */,
				23CAF2611C7AB5FB005011C4 /* OctoKit tvOS */,
				23CAF26A1C7AB5FC005011C4 /* OctoKit tvOSTests */,
				23CAF27D1C7AB60C005011C4 /* OctoKit Mac */,
				23CAF2861C7AB60D005011C4 /* OctoKit MacTests */,
				23CAF2991C7AB619005011C4 /* OctoKit watchOS */,
			);
		};
/* End PBXProject section */

/* Begin PBXResourcesBuildPhase section */
		234F4BA71BDDE31A00A58EF7 /* Resources */ = {
			isa = PBXResourcesBuildPhase;
			buildActionMask = 2147483647;
			files = (
				E7EE59E01BE139FD0012E3D2 /* users.json in Resources */,
				234F4BDF1BDDE44600A58EF7 /* user_me.json in Resources */,
				234F4BDD1BDDE44600A58EF7 /* public_key.json in Resources */,
				DABBDE501C8C0C20008F57CD /* issue.json in Resources */,
				234F4BDE1BDDE44600A58EF7 /* repo.json in Resources */,
				234F4BE11BDDE44600A58EF7 /* user_repos.json in Resources */,
				234F4BE01BDDE44600A58EF7 /* user_mietzmithut.json in Resources */,
				E7EDEA6E1C871D0E006BAAF2 /* issues.json in Resources */,
				BF8C78845606511558E7B929 /* pull_requests.json in Resources */,
				BF8C7B976A0652C486FAF736 /* pull_request.json in Resources */,
			);
			runOnlyForDeploymentPostprocessing = 0;
		};
		239BE7C71B8C47A100D2CE22 /* Resources */ = {
			isa = PBXResourcesBuildPhase;
			buildActionMask = 2147483647;
			files = (
			);
			runOnlyForDeploymentPostprocessing = 0;
		};
		23CAF2601C7AB5FB005011C4 /* Resources */ = {
			isa = PBXResourcesBuildPhase;
			buildActionMask = 2147483647;
			files = (
			);
			runOnlyForDeploymentPostprocessing = 0;
		};
		23CAF2691C7AB5FC005011C4 /* Resources */ = {
			isa = PBXResourcesBuildPhase;
			buildActionMask = 2147483647;
			files = (
				23F643501C7AEF72000427B3 /* users.json in Resources */,
				23F6434A1C7AEF69000427B3 /* user_me.json in Resources */,
				23F643461C7AEF63000427B3 /* public_key.json in Resources */,
				DABBDE511C8C0C20008F57CD /* issue.json in Resources */,
				23F643481C7AEF66000427B3 /* repo.json in Resources */,
				23F6434E1C7AEF6F000427B3 /* user_repos.json in Resources */,
				23F6434C1C7AEF6C000427B3 /* user_mietzmithut.json in Resources */,
				E7EDEA741C871FA8006BAAF2 /* issues.json in Resources */,
				BF8C7923F427B3CFC6833337 /* pull_requests.json in Resources */,
				BF8C7A686709462323C702D8 /* pull_request.json in Resources */,
			);
			runOnlyForDeploymentPostprocessing = 0;
		};
		23CAF27C1C7AB60C005011C4 /* Resources */ = {
			isa = PBXResourcesBuildPhase;
			buildActionMask = 2147483647;
			files = (
			);
			runOnlyForDeploymentPostprocessing = 0;
		};
		23CAF2851C7AB60D005011C4 /* Resources */ = {
			isa = PBXResourcesBuildPhase;
			buildActionMask = 2147483647;
			files = (
				23F643511C7AEF73000427B3 /* users.json in Resources */,
				23F6434B1C7AEF6A000427B3 /* user_me.json in Resources */,
				23F643471C7AEF63000427B3 /* public_key.json in Resources */,
				DABBDE521C8C0C20008F57CD /* issue.json in Resources */,
				23F643491C7AEF67000427B3 /* repo.json in Resources */,
				23F6434F1C7AEF70000427B3 /* user_repos.json in Resources */,
				23F6434D1C7AEF6D000427B3 /* user_mietzmithut.json in Resources */,
				E7EDEA751C871FA9006BAAF2 /* issues.json in Resources */,
				BF8C711C2C6B42F9F323FCFE /* pull_requests.json in Resources */,
				BF8C716EB8D5CA2CBBA745CB /* pull_request.json in Resources */,
			);
			runOnlyForDeploymentPostprocessing = 0;
		};
		23CAF2981C7AB619005011C4 /* Resources */ = {
			isa = PBXResourcesBuildPhase;
			buildActionMask = 2147483647;
			files = (
			);
			runOnlyForDeploymentPostprocessing = 0;
		};
/* End PBXResourcesBuildPhase section */

/* Begin PBXSourcesBuildPhase section */
		234F4BA51BDDE31A00A58EF7 /* Sources */ = {
			isa = PBXSourcesBuildPhase;
			buildActionMask = 2147483647;
			files = (
				234F4BD61BDDE3F900A58EF7 /* UserTests.swift in Sources */,
				234F4BD31BDDE3F900A58EF7 /* PublicKeyTests.swift in Sources */,
				E7EDEA6C1C871D01006BAAF2 /* IssueTests.swift in Sources */,
				234F4BD41BDDE3F900A58EF7 /* RepositoryTests.swift in Sources */,
				E7EE59DE1BE11C2A0012E3D2 /* FollowTests.swift in Sources */,
				234F4BD51BDDE3F900A58EF7 /* TestHelper.swift in Sources */,
				23A0521F1CA924950068BFF7 /* OctoKitURLTestSession.swift in Sources */,
				234F4BD01BDDE3F900A58EF7 /* ConfigurationTests.swift in Sources */,
				234F4BD21BDDE3F900A58EF7 /* OctokitSwiftTests.swift in Sources */,
				E7EE59DA1BE10DA60012E3D2 /* StarsTests.swift in Sources */,
				BF8C719220F02AC04EF3D137 /* PullRequestTests.swift in Sources */,
			);
			runOnlyForDeploymentPostprocessing = 0;
		};
		239BE7C41B8C47A100D2CE22 /* Sources */ = {
			isa = PBXSourcesBuildPhase;
			buildActionMask = 2147483647;
			files = (
				E7EE59DC1BE119110012E3D2 /* Follow.swift in Sources */,
				23B2678A1BDDD756003887E3 /* Configuration.swift in Sources */,
				E7EE59D81BDFEFB30012E3D2 /* Stars.swift in Sources */,
				23B2678D1BDDD756003887E3 /* Repositories.swift in Sources */,
				F8711EA21BFCAE9F005DDACA /* Time.swift in Sources */,
				23B2678C1BDDD756003887E3 /* PublicKey.swift in Sources */,
				23B2678E1BDDD756003887E3 /* User.swift in Sources */,
				237F91E41E5AEC82005FAA6B /* URL+URLParameters.swift in Sources */,
				DAEFC5951C83EF0D00CF3785 /* Milestone.swift in Sources */,
				23B2678B1BDDD756003887E3 /* Octokit.swift in Sources */,
				E7EDEA6A1C871CEB006BAAF2 /* Issue.swift in Sources */,
				DAEFC5901C83D85100CF3785 /* Label.swift in Sources */,
				BF8C7BE0F4071324EBDCA204 /* PullRequest.swift in Sources */,
				BF8C7567F24BC2E1EB83EE57 /* Parameters.swift in Sources */,
			);
			runOnlyForDeploymentPostprocessing = 0;
		};
		23CAF25D1C7AB5FB005011C4 /* Sources */ = {
			isa = PBXSourcesBuildPhase;
			buildActionMask = 2147483647;
			files = (
				23CAF2A51C7AB6C2005011C4 /* Follow.swift in Sources */,
				23CAF2AE1C7AB6CD005011C4 /* Repositories.swift in Sources */,
				23CAF2B11C7AB6D1005011C4 /* User.swift in Sources */,
				23CAF2A21C7AB6BE005011C4 /* Configuration.swift in Sources */,
				23CAF2B71C7AB6EB005011C4 /* Time.swift in Sources */,
				23CAF2B41C7AB6D4005011C4 /* Stars.swift in Sources */,
				23CAF2AB1C7AB6C9005011C4 /* PublicKey.swift in Sources */,
				237F91E51E5AEC87005FAA6B /* URL+URLParameters.swift in Sources */,
				DAEFC5961C83EF0D00CF3785 /* Milestone.swift in Sources */,
				23CAF2A81C7AB6C6005011C4 /* Octokit.swift in Sources */,
				E7EDEA6F1C871F81006BAAF2 /* Issue.swift in Sources */,
				DAEFC5911C83D85100CF3785 /* Label.swift in Sources */,
				BF8C797115D9BB2DE41E59E6 /* PullRequest.swift in Sources */,
				BF8C7DEE90DD25CBCA4AEE71 /* Parameters.swift in Sources */,
			);
			runOnlyForDeploymentPostprocessing = 0;
		};
		23CAF2671C7AB5FC005011C4 /* Sources */ = {
			isa = PBXSourcesBuildPhase;
			buildActionMask = 2147483647;
			files = (
				23CAF2BC1C7AB6FC005011C4 /* FollowTests.swift in Sources */,
				23CAF2C41C7AB708005011C4 /* StarsTests.swift in Sources */,
				E7EDEA721C871F94006BAAF2 /* IssueTests.swift in Sources */,
				23CAF2C61C7AB70B005011C4 /* TestHelper.swift in Sources */,
				23CAF2BE1C7AB6FE005011C4 /* OctokitSwiftTests.swift in Sources */,
				23CAF2C01C7AB702005011C4 /* PublicKeyTests.swift in Sources */,
				23A052201CA924950068BFF7 /* OctoKitURLTestSession.swift in Sources */,
				23CAF2CA1C7AB711005011C4 /* UserTests.swift in Sources */,
				23CAF2C21C7AB705005011C4 /* RepositoryTests.swift in Sources */,
				23CAF2BA1C7AB6F1005011C4 /* ConfigurationTests.swift in Sources */,
				BF8C725A44F262E5305385CC /* PullRequestTests.swift in Sources */,
			);
			runOnlyForDeploymentPostprocessing = 0;
		};
		23CAF2791C7AB60C005011C4 /* Sources */ = {
			isa = PBXSourcesBuildPhase;
			buildActionMask = 2147483647;
			files = (
				23CAF2A61C7AB6C2005011C4 /* Follow.swift in Sources */,
				23CAF2AF1C7AB6CD005011C4 /* Repositories.swift in Sources */,
				23CAF2B21C7AB6D1005011C4 /* User.swift in Sources */,
				23CAF2A31C7AB6BF005011C4 /* Configuration.swift in Sources */,
				23CAF2B81C7AB6EB005011C4 /* Time.swift in Sources */,
				23CAF2B51C7AB6D5005011C4 /* Stars.swift in Sources */,
				23CAF2AC1C7AB6CA005011C4 /* PublicKey.swift in Sources */,
				237F91E61E5AEC88005FAA6B /* URL+URLParameters.swift in Sources */,
				DAEFC5971C83EF0D00CF3785 /* Milestone.swift in Sources */,
				23CAF2A91C7AB6C6005011C4 /* Octokit.swift in Sources */,
				E7EDEA701C871F81006BAAF2 /* Issue.swift in Sources */,
				DAEFC5921C83D85100CF3785 /* Label.swift in Sources */,
				BF8C7FFFDDAFA560EBEC35EE /* PullRequest.swift in Sources */,
				BF8C7A3F2B4817EF3AD1B315 /* Parameters.swift in Sources */,
			);
			runOnlyForDeploymentPostprocessing = 0;
		};
		23CAF2831C7AB60D005011C4 /* Sources */ = {
			isa = PBXSourcesBuildPhase;
			buildActionMask = 2147483647;
			files = (
				23CAF2BD1C7AB6FC005011C4 /* FollowTests.swift in Sources */,
				23CAF2C51C7AB709005011C4 /* StarsTests.swift in Sources */,
				E7EDEA731C871F95006BAAF2 /* IssueTests.swift in Sources */,
				23CAF2C71C7AB70C005011C4 /* TestHelper.swift in Sources */,
				23CAF2BF1C7AB6FF005011C4 /* OctokitSwiftTests.swift in Sources */,
				23CAF2C11C7AB702005011C4 /* PublicKeyTests.swift in Sources */,
				23A052211CA924950068BFF7 /* OctoKitURLTestSession.swift in Sources */,
				23CAF2CB1C7AB712005011C4 /* UserTests.swift in Sources */,
				23CAF2C31C7AB706005011C4 /* RepositoryTests.swift in Sources */,
				23CAF2BB1C7AB6F1005011C4 /* ConfigurationTests.swift in Sources */,
				BF8C732A1D13EFA1DE994A6B /* PullRequestTests.swift in Sources */,
			);
			runOnlyForDeploymentPostprocessing = 0;
		};
		23CAF2951C7AB619005011C4 /* Sources */ = {
			isa = PBXSourcesBuildPhase;
			buildActionMask = 2147483647;
			files = (
				23CAF2A71C7AB6C3005011C4 /* Follow.swift in Sources */,
				23CAF2B01C7AB6CE005011C4 /* Repositories.swift in Sources */,
				23CAF2B31C7AB6D2005011C4 /* User.swift in Sources */,
				23CAF2A41C7AB6BF005011C4 /* Configuration.swift in Sources */,
				23CAF2B91C7AB6EC005011C4 /* Time.swift in Sources */,
				23CAF2B61C7AB6D5005011C4 /* Stars.swift in Sources */,
				23CAF2AD1C7AB6CA005011C4 /* PublicKey.swift in Sources */,
				237F91E71E5AEC89005FAA6B /* URL+URLParameters.swift in Sources */,
				DAEFC5981C83EF0D00CF3785 /* Milestone.swift in Sources */,
				23CAF2AA1C7AB6C7005011C4 /* Octokit.swift in Sources */,
				E7EDEA711C871F82006BAAF2 /* Issue.swift in Sources */,
				DAEFC5931C83D85100CF3785 /* Label.swift in Sources */,
				BF8C7808F0A0A71D0110AD43 /* PullRequest.swift in Sources */,
				BF8C7AB9EBD2E18007A8B77D /* Parameters.swift in Sources */,
			);
			runOnlyForDeploymentPostprocessing = 0;
		};
/* End PBXSourcesBuildPhase section */

/* Begin PBXTargetDependency section */
		234F4BB01BDDE31A00A58EF7 /* PBXTargetDependency */ = {
			isa = PBXTargetDependency;
			target = 239BE7C81B8C47A100D2CE22 /* OctoKit */;
			targetProxy = 234F4BAF1BDDE31A00A58EF7 /* PBXContainerItemProxy */;
		};
		23CAF26E1C7AB5FC005011C4 /* PBXTargetDependency */ = {
			isa = PBXTargetDependency;
			target = 23CAF2611C7AB5FB005011C4 /* OctoKit tvOS */;
			targetProxy = 23CAF26D1C7AB5FC005011C4 /* PBXContainerItemProxy */;
		};
		23CAF28A1C7AB60D005011C4 /* PBXTargetDependency */ = {
			isa = PBXTargetDependency;
			target = 23CAF27D1C7AB60C005011C4 /* OctoKit Mac */;
			targetProxy = 23CAF2891C7AB60D005011C4 /* PBXContainerItemProxy */;
		};
/* End PBXTargetDependency section */

/* Begin XCBuildConfiguration section */
		234F4BB21BDDE31A00A58EF7 /* Debug */ = {
			isa = XCBuildConfiguration;
			buildSettings = {
				DEBUG_INFORMATION_FORMAT = dwarf;
				FRAMEWORK_SEARCH_PATHS = (
					"$(inherited)",
					"$(PROJECT_DIR)/Carthage/Build/iOS",
				);
				GCC_NO_COMMON_BLOCKS = YES;
				INFOPLIST_FILE = OctoKitTests/Info.plist;
				IPHONEOS_DEPLOYMENT_TARGET = 9.1;
				LD_RUNPATH_SEARCH_PATHS = "$(inherited) @executable_path/Frameworks @loader_path/Frameworks";
				PRODUCT_BUNDLE_IDENTIFIER = com.nerdishbynature.OctoKitTests;
				PRODUCT_NAME = "$(TARGET_NAME)";
				SWIFT_VERSION = 3.0;
			};
			name = Debug;
		};
		234F4BB31BDDE31A00A58EF7 /* Release */ = {
			isa = XCBuildConfiguration;
			buildSettings = {
				COPY_PHASE_STRIP = NO;
				DEBUG_INFORMATION_FORMAT = "dwarf-with-dsym";
				FRAMEWORK_SEARCH_PATHS = (
					"$(inherited)",
					"$(PROJECT_DIR)/Carthage/Build/iOS",
				);
				GCC_NO_COMMON_BLOCKS = YES;
				INFOPLIST_FILE = OctoKitTests/Info.plist;
				IPHONEOS_DEPLOYMENT_TARGET = 9.1;
				LD_RUNPATH_SEARCH_PATHS = "$(inherited) @executable_path/Frameworks @loader_path/Frameworks";
				PRODUCT_BUNDLE_IDENTIFIER = com.nerdishbynature.OctoKitTests;
				PRODUCT_NAME = "$(TARGET_NAME)";
				SWIFT_OPTIMIZATION_LEVEL = "-Owholemodule";
				SWIFT_VERSION = 3.0;
			};
			name = Release;
		};
		239BE7DC1B8C47A100D2CE22 /* Debug */ = {
			isa = XCBuildConfiguration;
			buildSettings = {
				CLANG_ENABLE_MODULES = YES;
				"CODE_SIGN_IDENTITY[sdk=iphoneos*]" = "";
				CURRENT_PROJECT_VERSION = 1;
				DEBUG_INFORMATION_FORMAT = "dwarf-with-dsym";
				DEFINES_MODULE = YES;
				DYLIB_COMPATIBILITY_VERSION = 1;
				DYLIB_CURRENT_VERSION = 1;
				DYLIB_INSTALL_NAME_BASE = "@rpath";
				FRAMEWORK_SEARCH_PATHS = (
					"$(inherited)",
					"$(PROJECT_DIR)/Carthage/Build/iOS",
				);
				GCC_NO_COMMON_BLOCKS = YES;
				GCC_PREPROCESSOR_DEFINITIONS = (
					"DEBUG=1",
					"$(inherited)",
				);
				INSTALL_PATH = "$(LOCAL_LIBRARY_DIR)/Frameworks";
				IPHONEOS_DEPLOYMENT_TARGET = 8.0;
				LD_RUNPATH_SEARCH_PATHS = "$(inherited) @executable_path/Frameworks @loader_path/Frameworks";
				SKIP_INSTALL = YES;
				SWIFT_OPTIMIZATION_LEVEL = "-Onone";
				TARGETED_DEVICE_FAMILY = "1,2";
				VERSIONING_SYSTEM = "apple-generic";
				VERSION_INFO_PREFIX = "";
			};
			name = Debug;
		};
		239BE7DD1B8C47A100D2CE22 /* Release */ = {
			isa = XCBuildConfiguration;
			buildSettings = {
				CLANG_ENABLE_MODULES = YES;
				"CODE_SIGN_IDENTITY[sdk=iphoneos*]" = "";
				COPY_PHASE_STRIP = NO;
				CURRENT_PROJECT_VERSION = 1;
				DEBUG_INFORMATION_FORMAT = "dwarf-with-dsym";
				DEFINES_MODULE = YES;
				DYLIB_COMPATIBILITY_VERSION = 1;
				DYLIB_CURRENT_VERSION = 1;
				DYLIB_INSTALL_NAME_BASE = "@rpath";
				FRAMEWORK_SEARCH_PATHS = (
					"$(inherited)",
					"$(PROJECT_DIR)/Carthage/Build/iOS",
				);
				GCC_NO_COMMON_BLOCKS = YES;
				INSTALL_PATH = "$(LOCAL_LIBRARY_DIR)/Frameworks";
				IPHONEOS_DEPLOYMENT_TARGET = 8.0;
				LD_RUNPATH_SEARCH_PATHS = "$(inherited) @executable_path/Frameworks @loader_path/Frameworks";
				SKIP_INSTALL = YES;
				SWIFT_OPTIMIZATION_LEVEL = "-Owholemodule";
				TARGETED_DEVICE_FAMILY = "1,2";
				VERSIONING_SYSTEM = "apple-generic";
				VERSION_INFO_PREFIX = "";
			};
			name = Release;
		};
		23CAF2731C7AB5FC005011C4 /* Debug */ = {
			isa = XCBuildConfiguration;
			buildSettings = {
				"CODE_SIGN_IDENTITY[sdk=appletvos*]" = "";
				CURRENT_PROJECT_VERSION = 1;
				DEBUG_INFORMATION_FORMAT = dwarf;
				DEFINES_MODULE = YES;
				DYLIB_COMPATIBILITY_VERSION = 1;
				DYLIB_CURRENT_VERSION = 1;
				DYLIB_INSTALL_NAME_BASE = "@rpath";
				FRAMEWORK_SEARCH_PATHS = (
					"$(inherited)",
					"$(PROJECT_DIR)/Carthage/Build/tvOS",
				);
				GCC_NO_COMMON_BLOCKS = YES;
				INSTALL_PATH = "$(LOCAL_LIBRARY_DIR)/Frameworks";
				LD_RUNPATH_SEARCH_PATHS = "$(inherited) @executable_path/Frameworks @loader_path/Frameworks";
				SDKROOT = appletvos;
				SKIP_INSTALL = YES;
				TARGETED_DEVICE_FAMILY = 3;
				TVOS_DEPLOYMENT_TARGET = 9.0;
				VERSIONING_SYSTEM = "apple-generic";
				VERSION_INFO_PREFIX = "";
			};
			name = Debug;
		};
		23CAF2741C7AB5FC005011C4 /* Release */ = {
			isa = XCBuildConfiguration;
			buildSettings = {
				"CODE_SIGN_IDENTITY[sdk=appletvos*]" = "";
				COPY_PHASE_STRIP = NO;
				CURRENT_PROJECT_VERSION = 1;
				DEBUG_INFORMATION_FORMAT = "dwarf-with-dsym";
				DEFINES_MODULE = YES;
				DYLIB_COMPATIBILITY_VERSION = 1;
				DYLIB_CURRENT_VERSION = 1;
				DYLIB_INSTALL_NAME_BASE = "@rpath";
				FRAMEWORK_SEARCH_PATHS = (
					"$(inherited)",
					"$(PROJECT_DIR)/Carthage/Build/tvOS",
				);
				GCC_NO_COMMON_BLOCKS = YES;
				INSTALL_PATH = "$(LOCAL_LIBRARY_DIR)/Frameworks";
				LD_RUNPATH_SEARCH_PATHS = "$(inherited) @executable_path/Frameworks @loader_path/Frameworks";
				SDKROOT = appletvos;
				SKIP_INSTALL = YES;
				SWIFT_OPTIMIZATION_LEVEL = "-Owholemodule";
				TARGETED_DEVICE_FAMILY = 3;
				TVOS_DEPLOYMENT_TARGET = 9.0;
				VERSIONING_SYSTEM = "apple-generic";
				VERSION_INFO_PREFIX = "";
			};
			name = Release;
		};
		23CAF2751C7AB5FC005011C4 /* Debug */ = {
			isa = XCBuildConfiguration;
			buildSettings = {
				DEBUG_INFORMATION_FORMAT = dwarf;
				FRAMEWORK_SEARCH_PATHS = (
					"$(inherited)",
					"$(PROJECT_DIR)/Carthage/Build/tvOS",
				);
				GCC_NO_COMMON_BLOCKS = YES;
				INFOPLIST_FILE = OctoKitTests/Info.plist;
				LD_RUNPATH_SEARCH_PATHS = "$(inherited) @executable_path/Frameworks @loader_path/Frameworks";
				PRODUCT_BUNDLE_IDENTIFIER = "com.nerdishbynature.OctoKit-tvOSTests";
				PRODUCT_NAME = "$(TARGET_NAME)";
				SDKROOT = appletvos;
				TVOS_DEPLOYMENT_TARGET = 9.1;
			};
			name = Debug;
		};
		23CAF2761C7AB5FC005011C4 /* Release */ = {
			isa = XCBuildConfiguration;
			buildSettings = {
				COPY_PHASE_STRIP = NO;
				DEBUG_INFORMATION_FORMAT = "dwarf-with-dsym";
				FRAMEWORK_SEARCH_PATHS = (
					"$(inherited)",
					"$(PROJECT_DIR)/Carthage/Build/tvOS",
				);
				GCC_NO_COMMON_BLOCKS = YES;
				INFOPLIST_FILE = OctoKitTests/Info.plist;
				LD_RUNPATH_SEARCH_PATHS = "$(inherited) @executable_path/Frameworks @loader_path/Frameworks";
				PRODUCT_BUNDLE_IDENTIFIER = "com.nerdishbynature.OctoKit-tvOSTests";
				PRODUCT_NAME = "$(TARGET_NAME)";
				SDKROOT = appletvos;
				SWIFT_OPTIMIZATION_LEVEL = "-Owholemodule";
				TVOS_DEPLOYMENT_TARGET = 9.1;
			};
			name = Release;
		};
		23CAF2901C7AB60D005011C4 /* Debug */ = {
			isa = XCBuildConfiguration;
			buildSettings = {
				CODE_SIGN_IDENTITY = "-";
				COMBINE_HIDPI_IMAGES = YES;
				CURRENT_PROJECT_VERSION = 1;
				DEBUG_INFORMATION_FORMAT = dwarf;
				DEFINES_MODULE = YES;
				DYLIB_COMPATIBILITY_VERSION = 1;
				DYLIB_CURRENT_VERSION = 1;
				DYLIB_INSTALL_NAME_BASE = "@rpath";
				FRAMEWORK_SEARCH_PATHS = (
					"$(inherited)",
					"$(PROJECT_DIR)/Carthage/Build/Mac",
				);
				FRAMEWORK_VERSION = A;
				GCC_NO_COMMON_BLOCKS = YES;
				INSTALL_PATH = "$(LOCAL_LIBRARY_DIR)/Frameworks";
				LD_RUNPATH_SEARCH_PATHS = "$(inherited) @executable_path/../Frameworks @loader_path/Frameworks";
				MACOSX_DEPLOYMENT_TARGET = 10.10;
				SDKROOT = macosx;
				SKIP_INSTALL = YES;
				SWIFT_VERSION = 3.0;
				VERSIONING_SYSTEM = "apple-generic";
				VERSION_INFO_PREFIX = "";
			};
			name = Debug;
		};
		23CAF2911C7AB60D005011C4 /* Release */ = {
			isa = XCBuildConfiguration;
			buildSettings = {
				CODE_SIGN_IDENTITY = "-";
				COMBINE_HIDPI_IMAGES = YES;
				COPY_PHASE_STRIP = NO;
				CURRENT_PROJECT_VERSION = 1;
				DEBUG_INFORMATION_FORMAT = "dwarf-with-dsym";
				DEFINES_MODULE = YES;
				DYLIB_COMPATIBILITY_VERSION = 1;
				DYLIB_CURRENT_VERSION = 1;
				DYLIB_INSTALL_NAME_BASE = "@rpath";
				FRAMEWORK_SEARCH_PATHS = (
					"$(inherited)",
					"$(PROJECT_DIR)/Carthage/Build/Mac",
				);
				FRAMEWORK_VERSION = A;
				GCC_NO_COMMON_BLOCKS = YES;
				INSTALL_PATH = "$(LOCAL_LIBRARY_DIR)/Frameworks";
				LD_RUNPATH_SEARCH_PATHS = "$(inherited) @executable_path/../Frameworks @loader_path/Frameworks";
				MACOSX_DEPLOYMENT_TARGET = 10.10;
				SDKROOT = macosx;
				SKIP_INSTALL = YES;
				SWIFT_OPTIMIZATION_LEVEL = "-Owholemodule";
				SWIFT_VERSION = 3.0;
				VERSIONING_SYSTEM = "apple-generic";
				VERSION_INFO_PREFIX = "";
			};
			name = Release;
		};
		23CAF2931C7AB60D005011C4 /* Debug */ = {
			isa = XCBuildConfiguration;
			buildSettings = {
				CODE_SIGN_IDENTITY = "-";
				COMBINE_HIDPI_IMAGES = YES;
				DEBUG_INFORMATION_FORMAT = dwarf;
				FRAMEWORK_SEARCH_PATHS = (
					"$(inherited)",
					"$(PROJECT_DIR)/Carthage/Build/Mac",
				);
				GCC_NO_COMMON_BLOCKS = YES;
				INFOPLIST_FILE = OctoKitTests/Info.plist;
				LD_RUNPATH_SEARCH_PATHS = "$(inherited) @executable_path/../Frameworks @loader_path/../Frameworks";
				MACOSX_DEPLOYMENT_TARGET = 10.11;
				PRODUCT_BUNDLE_IDENTIFIER = "com.nerdishbynature.OctoKit-MacTests";
				PRODUCT_NAME = "$(TARGET_NAME)";
				SDKROOT = macosx;
				SWIFT_VERSION = 3.0;
			};
			name = Debug;
		};
		23CAF2941C7AB60D005011C4 /* Release */ = {
			isa = XCBuildConfiguration;
			buildSettings = {
				CODE_SIGN_IDENTITY = "-";
				COMBINE_HIDPI_IMAGES = YES;
				COPY_PHASE_STRIP = NO;
				DEBUG_INFORMATION_FORMAT = "dwarf-with-dsym";
				FRAMEWORK_SEARCH_PATHS = (
					"$(inherited)",
					"$(PROJECT_DIR)/Carthage/Build/Mac",
				);
				GCC_NO_COMMON_BLOCKS = YES;
				INFOPLIST_FILE = OctoKitTests/Info.plist;
				LD_RUNPATH_SEARCH_PATHS = "$(inherited) @executable_path/../Frameworks @loader_path/../Frameworks";
				MACOSX_DEPLOYMENT_TARGET = 10.11;
				PRODUCT_BUNDLE_IDENTIFIER = "com.nerdishbynature.OctoKit-MacTests";
				PRODUCT_NAME = "$(TARGET_NAME)";
				SDKROOT = macosx;
				SWIFT_OPTIMIZATION_LEVEL = "-Owholemodule";
				SWIFT_VERSION = 3.0;
			};
			name = Release;
		};
		23CAF2A01C7AB619005011C4 /* Debug */ = {
			isa = XCBuildConfiguration;
			buildSettings = {
				APPLICATION_EXTENSION_API_ONLY = YES;
				"CODE_SIGN_IDENTITY[sdk=watchos*]" = "";
				CURRENT_PROJECT_VERSION = 1;
				DEBUG_INFORMATION_FORMAT = dwarf;
				DEFINES_MODULE = YES;
				DYLIB_COMPATIBILITY_VERSION = 1;
				DYLIB_CURRENT_VERSION = 1;
				DYLIB_INSTALL_NAME_BASE = "@rpath";
				FRAMEWORK_SEARCH_PATHS = (
					"$(inherited)",
					"$(PROJECT_DIR)/Carthage/Build/watchOS",
				);
				GCC_NO_COMMON_BLOCKS = YES;
				INSTALL_PATH = "$(LOCAL_LIBRARY_DIR)/Frameworks";
				LD_RUNPATH_SEARCH_PATHS = "$(inherited) @executable_path/Frameworks @loader_path/Frameworks";
				SDKROOT = watchos;
				SKIP_INSTALL = YES;
				TARGETED_DEVICE_FAMILY = 4;
				VERSIONING_SYSTEM = "apple-generic";
				VERSION_INFO_PREFIX = "";
				WATCHOS_DEPLOYMENT_TARGET = 2.1;
			};
			name = Debug;
		};
		23CAF2A11C7AB619005011C4 /* Release */ = {
			isa = XCBuildConfiguration;
			buildSettings = {
				APPLICATION_EXTENSION_API_ONLY = YES;
				"CODE_SIGN_IDENTITY[sdk=watchos*]" = "";
				COPY_PHASE_STRIP = NO;
				CURRENT_PROJECT_VERSION = 1;
				DEBUG_INFORMATION_FORMAT = "dwarf-with-dsym";
				DEFINES_MODULE = YES;
				DYLIB_COMPATIBILITY_VERSION = 1;
				DYLIB_CURRENT_VERSION = 1;
				DYLIB_INSTALL_NAME_BASE = "@rpath";
				FRAMEWORK_SEARCH_PATHS = (
					"$(inherited)",
					"$(PROJECT_DIR)/Carthage/Build/watchOS",
				);
				GCC_NO_COMMON_BLOCKS = YES;
				INSTALL_PATH = "$(LOCAL_LIBRARY_DIR)/Frameworks";
				LD_RUNPATH_SEARCH_PATHS = "$(inherited) @executable_path/Frameworks @loader_path/Frameworks";
				SDKROOT = watchos;
				SKIP_INSTALL = YES;
				SWIFT_OPTIMIZATION_LEVEL = "-Owholemodule";
				TARGETED_DEVICE_FAMILY = 4;
				VERSIONING_SYSTEM = "apple-generic";
				VERSION_INFO_PREFIX = "";
				WATCHOS_DEPLOYMENT_TARGET = 2.1;
			};
			name = Release;
		};
		F01C6F511A6429CC0072FA44 /* Debug */ = {
			isa = XCBuildConfiguration;
			buildSettings = {
				ALWAYS_SEARCH_USER_PATHS = NO;
				CLANG_CXX_LANGUAGE_STANDARD = "gnu++0x";
				CLANG_CXX_LIBRARY = "libc++";
				CLANG_ENABLE_MODULES = YES;
				CLANG_ENABLE_OBJC_ARC = YES;
				CLANG_WARN_BOOL_CONVERSION = YES;
				CLANG_WARN_CONSTANT_CONVERSION = YES;
				CLANG_WARN_DIRECT_OBJC_ISA_USAGE = YES_ERROR;
				CLANG_WARN_EMPTY_BODY = YES;
				CLANG_WARN_ENUM_CONVERSION = YES;
				CLANG_WARN_INFINITE_RECURSION = YES;
				CLANG_WARN_INT_CONVERSION = YES;
				CLANG_WARN_OBJC_ROOT_CLASS = YES_ERROR;
				CLANG_WARN_SUSPICIOUS_MOVE = YES;
				CLANG_WARN_UNREACHABLE_CODE = YES;
				CLANG_WARN__DUPLICATE_METHOD_MATCH = YES;
				"CODE_SIGN_IDENTITY[sdk=iphoneos*]" = "iPhone Developer";
				COPY_PHASE_STRIP = NO;
				ENABLE_STRICT_OBJC_MSGSEND = YES;
				ENABLE_TESTABILITY = YES;
				GCC_C_LANGUAGE_STANDARD = gnu99;
				GCC_DYNAMIC_NO_PIC = NO;
				GCC_NO_COMMON_BLOCKS = YES;
				GCC_OPTIMIZATION_LEVEL = 0;
				GCC_PREPROCESSOR_DEFINITIONS = (
					"DEBUG=1",
					"$(inherited)",
				);
				GCC_SYMBOLS_PRIVATE_EXTERN = NO;
				GCC_WARN_64_TO_32_BIT_CONVERSION = YES;
				GCC_WARN_ABOUT_RETURN_TYPE = YES_ERROR;
				GCC_WARN_UNDECLARED_SELECTOR = YES;
				GCC_WARN_UNINITIALIZED_AUTOS = YES_AGGRESSIVE;
				GCC_WARN_UNUSED_FUNCTION = YES;
				GCC_WARN_UNUSED_VARIABLE = YES;
				INFOPLIST_FILE = OctoKit/Info.plist;
				IPHONEOS_DEPLOYMENT_TARGET = 8.1;
				MTL_ENABLE_DEBUG_INFO = YES;
				ONLY_ACTIVE_ARCH = YES;
				PRODUCT_BUNDLE_IDENTIFIER = com.nerdishbynature.OctoKit;
				PRODUCT_NAME = OctoKit;
				SDKROOT = iphoneos;
				SWIFT_OPTIMIZATION_LEVEL = "-Onone";
				SWIFT_VERSION = 3.0;
			};
			name = Debug;
		};
		F01C6F521A6429CC0072FA44 /* Release */ = {
			isa = XCBuildConfiguration;
			buildSettings = {
				ALWAYS_SEARCH_USER_PATHS = NO;
				CLANG_CXX_LANGUAGE_STANDARD = "gnu++0x";
				CLANG_CXX_LIBRARY = "libc++";
				CLANG_ENABLE_MODULES = YES;
				CLANG_ENABLE_OBJC_ARC = YES;
				CLANG_WARN_BOOL_CONVERSION = YES;
				CLANG_WARN_CONSTANT_CONVERSION = YES;
				CLANG_WARN_DIRECT_OBJC_ISA_USAGE = YES_ERROR;
				CLANG_WARN_EMPTY_BODY = YES;
				CLANG_WARN_ENUM_CONVERSION = YES;
				CLANG_WARN_INFINITE_RECURSION = YES;
				CLANG_WARN_INT_CONVERSION = YES;
				CLANG_WARN_OBJC_ROOT_CLASS = YES_ERROR;
				CLANG_WARN_SUSPICIOUS_MOVE = YES;
				CLANG_WARN_UNREACHABLE_CODE = YES;
				CLANG_WARN__DUPLICATE_METHOD_MATCH = YES;
				"CODE_SIGN_IDENTITY[sdk=iphoneos*]" = "iPhone Developer";
				COPY_PHASE_STRIP = YES;
				ENABLE_NS_ASSERTIONS = NO;
				ENABLE_STRICT_OBJC_MSGSEND = YES;
				GCC_C_LANGUAGE_STANDARD = gnu99;
				GCC_NO_COMMON_BLOCKS = YES;
				GCC_WARN_64_TO_32_BIT_CONVERSION = YES;
				GCC_WARN_ABOUT_RETURN_TYPE = YES_ERROR;
				GCC_WARN_UNDECLARED_SELECTOR = YES;
				GCC_WARN_UNINITIALIZED_AUTOS = YES_AGGRESSIVE;
				GCC_WARN_UNUSED_FUNCTION = YES;
				GCC_WARN_UNUSED_VARIABLE = YES;
				INFOPLIST_FILE = OctoKit/Info.plist;
				IPHONEOS_DEPLOYMENT_TARGET = 8.1;
				MTL_ENABLE_DEBUG_INFO = NO;
				PRODUCT_BUNDLE_IDENTIFIER = com.nerdishbynature.OctoKit;
				PRODUCT_NAME = OctoKit;
				SDKROOT = iphoneos;
				SWIFT_VERSION = 3.0;
				VALIDATE_PRODUCT = YES;
			};
			name = Release;
		};
/* End XCBuildConfiguration section */

/* Begin XCConfigurationList section */
		234F4BB11BDDE31A00A58EF7 /* Build configuration list for PBXNativeTarget "OctoKitTests" */ = {
			isa = XCConfigurationList;
			buildConfigurations = (
				234F4BB21BDDE31A00A58EF7 /* Debug */,
				234F4BB31BDDE31A00A58EF7 /* Release */,
			);
			defaultConfigurationIsVisible = 0;
			defaultConfigurationName = Release;
		};
		239BE7E01B8C47A100D2CE22 /* Build configuration list for PBXNativeTarget "OctoKit" */ = {
			isa = XCConfigurationList;
			buildConfigurations = (
				239BE7DC1B8C47A100D2CE22 /* Debug */,
				239BE7DD1B8C47A100D2CE22 /* Release */,
			);
			defaultConfigurationIsVisible = 0;
			defaultConfigurationName = Release;
		};
		23CAF2771C7AB5FC005011C4 /* Build configuration list for PBXNativeTarget "OctoKit tvOS" */ = {
			isa = XCConfigurationList;
			buildConfigurations = (
				23CAF2731C7AB5FC005011C4 /* Debug */,
				23CAF2741C7AB5FC005011C4 /* Release */,
			);
			defaultConfigurationIsVisible = 0;
			defaultConfigurationName = Release;
		};
		23CAF2781C7AB5FC005011C4 /* Build configuration list for PBXNativeTarget "OctoKit tvOSTests" */ = {
			isa = XCConfigurationList;
			buildConfigurations = (
				23CAF2751C7AB5FC005011C4 /* Debug */,
				23CAF2761C7AB5FC005011C4 /* Release */,
			);
			defaultConfigurationIsVisible = 0;
			defaultConfigurationName = Release;
		};
		23CAF28F1C7AB60D005011C4 /* Build configuration list for PBXNativeTarget "OctoKit Mac" */ = {
			isa = XCConfigurationList;
			buildConfigurations = (
				23CAF2901C7AB60D005011C4 /* Debug */,
				23CAF2911C7AB60D005011C4 /* Release */,
			);
			defaultConfigurationIsVisible = 0;
			defaultConfigurationName = Release;
		};
		23CAF2921C7AB60D005011C4 /* Build configuration list for PBXNativeTarget "OctoKit MacTests" */ = {
			isa = XCConfigurationList;
			buildConfigurations = (
				23CAF2931C7AB60D005011C4 /* Debug */,
				23CAF2941C7AB60D005011C4 /* Release */,
			);
			defaultConfigurationIsVisible = 0;
			defaultConfigurationName = Release;
		};
		23CAF29F1C7AB619005011C4 /* Build configuration list for PBXNativeTarget "OctoKit watchOS" */ = {
			isa = XCConfigurationList;
			buildConfigurations = (
				23CAF2A01C7AB619005011C4 /* Debug */,
				23CAF2A11C7AB619005011C4 /* Release */,
			);
			defaultConfigurationIsVisible = 0;
			defaultConfigurationName = Release;
		};
		F01C6F2F1A6429CC0072FA44 /* Build configuration list for PBXProject "OctoKit" */ = {
			isa = XCConfigurationList;
			buildConfigurations = (
				F01C6F511A6429CC0072FA44 /* Debug */,
				F01C6F521A6429CC0072FA44 /* Release */,
			);
			defaultConfigurationIsVisible = 0;
			defaultConfigurationName = Release;
		};
/* End XCConfigurationList section */
	};
	rootObject = F01C6F2C1A6429CC0072FA44 /* Project object */;
}
