// !$*UTF8*$!
{
	archiveVersion = 1;
	classes = {
	};
	objectVersion = 46;
	objects = {

/* Begin PBXBuildFile section */
		234F4BAE1BDDE31A00A58EF7 /* OctoKit.framework in Frameworks */ = {isa = PBXBuildFile; fileRef = 239BE7C91B8C47A100D2CE22 /* OctoKit.framework */; };
		234F4BC01BDDE35800A58EF7 /* Nocilla.framework in Frameworks */ = {isa = PBXBuildFile; fileRef = 23B2679C1BDDDBBE003887E3 /* Nocilla.framework */; };
		234F4BC31BDDE37100A58EF7 /* Nocilla.framework in Carthage embed */ = {isa = PBXBuildFile; fileRef = 23B2679C1BDDDBBE003887E3 /* Nocilla.framework */; settings = {ATTRIBUTES = (CodeSignOnCopy, RemoveHeadersOnCopy, ); }; };
		234F4BD01BDDE3F900A58EF7 /* ConfigurationTests.swift in Sources */ = {isa = PBXBuildFile; fileRef = 234F4BC91BDDE3F900A58EF7 /* ConfigurationTests.swift */; };
		234F4BD21BDDE3F900A58EF7 /* OctokitSwiftTests.swift in Sources */ = {isa = PBXBuildFile; fileRef = 234F4BCB1BDDE3F900A58EF7 /* OctokitSwiftTests.swift */; };
		234F4BD31BDDE3F900A58EF7 /* PublicKeyTests.swift in Sources */ = {isa = PBXBuildFile; fileRef = 234F4BCC1BDDE3F900A58EF7 /* PublicKeyTests.swift */; };
		234F4BD41BDDE3F900A58EF7 /* RepositoryTests.swift in Sources */ = {isa = PBXBuildFile; fileRef = 234F4BCD1BDDE3F900A58EF7 /* RepositoryTests.swift */; };
		234F4BD51BDDE3F900A58EF7 /* TestHelper.swift in Sources */ = {isa = PBXBuildFile; fileRef = 234F4BCE1BDDE3F900A58EF7 /* TestHelper.swift */; };
		234F4BD61BDDE3F900A58EF7 /* UserTests.swift in Sources */ = {isa = PBXBuildFile; fileRef = 234F4BCF1BDDE3F900A58EF7 /* UserTests.swift */; };
		234F4BDD1BDDE44600A58EF7 /* public_key.json in Resources */ = {isa = PBXBuildFile; fileRef = 234F4BD81BDDE44600A58EF7 /* public_key.json */; };
		234F4BDE1BDDE44600A58EF7 /* repo.json in Resources */ = {isa = PBXBuildFile; fileRef = 234F4BD91BDDE44600A58EF7 /* repo.json */; };
		234F4BDF1BDDE44600A58EF7 /* user_me.json in Resources */ = {isa = PBXBuildFile; fileRef = 234F4BDA1BDDE44600A58EF7 /* user_me.json */; };
		234F4BE01BDDE44600A58EF7 /* user_mietzmithut.json in Resources */ = {isa = PBXBuildFile; fileRef = 234F4BDB1BDDE44600A58EF7 /* user_mietzmithut.json */; };
		234F4BE11BDDE44600A58EF7 /* user_repos.json in Resources */ = {isa = PBXBuildFile; fileRef = 234F4BDC1BDDE44600A58EF7 /* user_repos.json */; };
		234F4C3F1BDE0FE200A58EF7 /* RequestKit.framework in Frameworks */ = {isa = PBXBuildFile; fileRef = 234F4C3E1BDE0FE200A58EF7 /* RequestKit.framework */; };
		234F4C401BDE113800A58EF7 /* RequestKit.framework in Carthage embed */ = {isa = PBXBuildFile; fileRef = 234F4C3E1BDE0FE200A58EF7 /* RequestKit.framework */; settings = {ATTRIBUTES = (CodeSignOnCopy, RemoveHeadersOnCopy, ); }; };
		239BE7CE1B8C47A100D2CE22 /* OctoKit.h in Headers */ = {isa = PBXBuildFile; fileRef = 239BE7CD1B8C47A100D2CE22 /* OctoKit.h */; settings = {ATTRIBUTES = (Public, ); }; };
		23B2678A1BDDD756003887E3 /* Configuration.swift in Sources */ = {isa = PBXBuildFile; fileRef = 23B267851BDDD756003887E3 /* Configuration.swift */; };
		23B2678B1BDDD756003887E3 /* Octokit.swift in Sources */ = {isa = PBXBuildFile; fileRef = 23B267861BDDD756003887E3 /* Octokit.swift */; };
		23B2678C1BDDD756003887E3 /* PublicKey.swift in Sources */ = {isa = PBXBuildFile; fileRef = 23B267871BDDD756003887E3 /* PublicKey.swift */; };
		23B2678D1BDDD756003887E3 /* Repositories.swift in Sources */ = {isa = PBXBuildFile; fileRef = 23B267881BDDD756003887E3 /* Repositories.swift */; };
		23B2678E1BDDD756003887E3 /* User.swift in Sources */ = {isa = PBXBuildFile; fileRef = 23B267891BDDD756003887E3 /* User.swift */; };
		E7EE59D81BDFEFB30012E3D2 /* Stars.swift in Sources */ = {isa = PBXBuildFile; fileRef = E7EE59D71BDFEFB30012E3D2 /* Stars.swift */; };
		E7EE59DA1BE10DA60012E3D2 /* StarsTests.swift in Sources */ = {isa = PBXBuildFile; fileRef = E7EE59D91BE10DA60012E3D2 /* StarsTests.swift */; };
		E7EE59DC1BE119110012E3D2 /* Follow.swift in Sources */ = {isa = PBXBuildFile; fileRef = E7EE59DB1BE119110012E3D2 /* Follow.swift */; };
		E7EE59DE1BE11C2A0012E3D2 /* FollowTests.swift in Sources */ = {isa = PBXBuildFile; fileRef = E7EE59DD1BE11C2A0012E3D2 /* FollowTests.swift */; };
		E7EE59E01BE139FD0012E3D2 /* users.json in Resources */ = {isa = PBXBuildFile; fileRef = E7EE59DF1BE139FD0012E3D2 /* users.json */; };
		F8711EA21BFCAE9F005DDACA /* Time.swift in Sources */ = {isa = PBXBuildFile; fileRef = F8711EA11BFCAE9F005DDACA /* Time.swift */; };
		F8711EA41BFCB02D005DDACA /* TimeTests.swift in Sources */ = {isa = PBXBuildFile; fileRef = F8711EA31BFCB02D005DDACA /* TimeTests.swift */; };
/* End PBXBuildFile section */

/* Begin PBXContainerItemProxy section */
		234F4BAF1BDDE31A00A58EF7 /* PBXContainerItemProxy */ = {
			isa = PBXContainerItemProxy;
			containerPortal = F01C6F2C1A6429CC0072FA44 /* Project object */;
			proxyType = 1;
			remoteGlobalIDString = 239BE7C81B8C47A100D2CE22;
			remoteInfo = OctoKit;
		};
/* End PBXContainerItemProxy section */

/* Begin PBXCopyFilesBuildPhase section */
		234F4BC21BDDE36300A58EF7 /* Carthage embed */ = {
			isa = PBXCopyFilesBuildPhase;
			buildActionMask = 2147483647;
			dstPath = "";
			dstSubfolderSpec = 10;
			files = (
				234F4C401BDE113800A58EF7 /* RequestKit.framework in Carthage embed */,
				234F4BC31BDDE37100A58EF7 /* Nocilla.framework in Carthage embed */,
			);
			name = "Carthage embed";
			runOnlyForDeploymentPostprocessing = 0;
		};
/* End PBXCopyFilesBuildPhase section */

/* Begin PBXFileReference section */
		234F4BA91BDDE31A00A58EF7 /* OctoKitTests.xctest */ = {isa = PBXFileReference; explicitFileType = wrapper.cfbundle; includeInIndex = 0; path = OctoKitTests.xctest; sourceTree = BUILT_PRODUCTS_DIR; };
		234F4BAD1BDDE31A00A58EF7 /* Info.plist */ = {isa = PBXFileReference; lastKnownFileType = text.plist.xml; path = Info.plist; sourceTree = "<group>"; };
		234F4BC91BDDE3F900A58EF7 /* ConfigurationTests.swift */ = {isa = PBXFileReference; fileEncoding = 4; lastKnownFileType = sourcecode.swift; path = ConfigurationTests.swift; sourceTree = "<group>"; };
		234F4BCB1BDDE3F900A58EF7 /* OctokitSwiftTests.swift */ = {isa = PBXFileReference; fileEncoding = 4; lastKnownFileType = sourcecode.swift; path = OctokitSwiftTests.swift; sourceTree = "<group>"; };
		234F4BCC1BDDE3F900A58EF7 /* PublicKeyTests.swift */ = {isa = PBXFileReference; fileEncoding = 4; lastKnownFileType = sourcecode.swift; path = PublicKeyTests.swift; sourceTree = "<group>"; };
		234F4BCD1BDDE3F900A58EF7 /* RepositoryTests.swift */ = {isa = PBXFileReference; fileEncoding = 4; lastKnownFileType = sourcecode.swift; path = RepositoryTests.swift; sourceTree = "<group>"; };
		234F4BCE1BDDE3F900A58EF7 /* TestHelper.swift */ = {isa = PBXFileReference; fileEncoding = 4; lastKnownFileType = sourcecode.swift; path = TestHelper.swift; sourceTree = "<group>"; };
		234F4BCF1BDDE3F900A58EF7 /* UserTests.swift */ = {isa = PBXFileReference; fileEncoding = 4; lastKnownFileType = sourcecode.swift; path = UserTests.swift; sourceTree = "<group>"; };
		234F4BD81BDDE44600A58EF7 /* public_key.json */ = {isa = PBXFileReference; fileEncoding = 4; lastKnownFileType = text.json; name = public_key.json; path = Fixtures/public_key.json; sourceTree = "<group>"; };
		234F4BD91BDDE44600A58EF7 /* repo.json */ = {isa = PBXFileReference; fileEncoding = 4; lastKnownFileType = text.json; name = repo.json; path = Fixtures/repo.json; sourceTree = "<group>"; };
		234F4BDA1BDDE44600A58EF7 /* user_me.json */ = {isa = PBXFileReference; fileEncoding = 4; lastKnownFileType = text.json; name = user_me.json; path = Fixtures/user_me.json; sourceTree = "<group>"; };
		234F4BDB1BDDE44600A58EF7 /* user_mietzmithut.json */ = {isa = PBXFileReference; fileEncoding = 4; lastKnownFileType = text.json; name = user_mietzmithut.json; path = Fixtures/user_mietzmithut.json; sourceTree = "<group>"; };
		234F4BDC1BDDE44600A58EF7 /* user_repos.json */ = {isa = PBXFileReference; fileEncoding = 4; lastKnownFileType = text.json; name = user_repos.json; path = Fixtures/user_repos.json; sourceTree = "<group>"; };
		234F4C3E1BDE0FE200A58EF7 /* RequestKit.framework */ = {isa = PBXFileReference; lastKnownFileType = wrapper.framework; name = RequestKit.framework; path = Carthage/Build/iOS/RequestKit.framework; sourceTree = "<group>"; };
		239BE7C91B8C47A100D2CE22 /* OctoKit.framework */ = {isa = PBXFileReference; explicitFileType = wrapper.framework; includeInIndex = 0; path = OctoKit.framework; sourceTree = BUILT_PRODUCTS_DIR; };
		239BE7CC1B8C47A100D2CE22 /* Info.plist */ = {isa = PBXFileReference; lastKnownFileType = text.plist.xml; path = Info.plist; sourceTree = "<group>"; };
		239BE7CD1B8C47A100D2CE22 /* OctoKit.h */ = {isa = PBXFileReference; lastKnownFileType = sourcecode.c.h; path = OctoKit.h; sourceTree = "<group>"; };
		23B267851BDDD756003887E3 /* Configuration.swift */ = {isa = PBXFileReference; fileEncoding = 4; lastKnownFileType = sourcecode.swift; path = Configuration.swift; sourceTree = "<group>"; };
		23B267861BDDD756003887E3 /* Octokit.swift */ = {isa = PBXFileReference; fileEncoding = 4; lastKnownFileType = sourcecode.swift; path = Octokit.swift; sourceTree = "<group>"; };
		23B267871BDDD756003887E3 /* PublicKey.swift */ = {isa = PBXFileReference; fileEncoding = 4; lastKnownFileType = sourcecode.swift; path = PublicKey.swift; sourceTree = "<group>"; };
		23B267881BDDD756003887E3 /* Repositories.swift */ = {isa = PBXFileReference; fileEncoding = 4; lastKnownFileType = sourcecode.swift; path = Repositories.swift; sourceTree = "<group>"; };
		23B267891BDDD756003887E3 /* User.swift */ = {isa = PBXFileReference; fileEncoding = 4; lastKnownFileType = sourcecode.swift; path = User.swift; sourceTree = "<group>"; };
		23B2679C1BDDDBBE003887E3 /* Nocilla.framework */ = {isa = PBXFileReference; lastKnownFileType = wrapper.framework; name = Nocilla.framework; path = Carthage/Build/iOS/Nocilla.framework; sourceTree = "<group>"; };
		E7EE59D71BDFEFB30012E3D2 /* Stars.swift */ = {isa = PBXFileReference; fileEncoding = 4; lastKnownFileType = sourcecode.swift; path = Stars.swift; sourceTree = "<group>"; };
		E7EE59D91BE10DA60012E3D2 /* StarsTests.swift */ = {isa = PBXFileReference; fileEncoding = 4; lastKnownFileType = sourcecode.swift; path = StarsTests.swift; sourceTree = "<group>"; };
		E7EE59DB1BE119110012E3D2 /* Follow.swift */ = {isa = PBXFileReference; fileEncoding = 4; lastKnownFileType = sourcecode.swift; path = Follow.swift; sourceTree = "<group>"; };
		E7EE59DD1BE11C2A0012E3D2 /* FollowTests.swift */ = {isa = PBXFileReference; fileEncoding = 4; lastKnownFileType = sourcecode.swift; path = FollowTests.swift; sourceTree = "<group>"; };
		E7EE59DF1BE139FD0012E3D2 /* users.json */ = {isa = PBXFileReference; fileEncoding = 4; lastKnownFileType = text.json; path = users.json; sourceTree = "<group>"; };
		F8711EA11BFCAE9F005DDACA /* Time.swift */ = {isa = PBXFileReference; fileEncoding = 4; lastKnownFileType = sourcecode.swift; path = Time.swift; sourceTree = "<group>"; };
		F8711EA31BFCB02D005DDACA /* TimeTests.swift */ = {isa = PBXFileReference; fileEncoding = 4; lastKnownFileType = sourcecode.swift; path = TimeTests.swift; sourceTree = "<group>"; };
/* End PBXFileReference section */

/* Begin PBXFrameworksBuildPhase section */
		234F4BA61BDDE31A00A58EF7 /* Frameworks */ = {
			isa = PBXFrameworksBuildPhase;
			buildActionMask = 2147483647;
			files = (
				234F4BC01BDDE35800A58EF7 /* Nocilla.framework in Frameworks */,
				234F4BAE1BDDE31A00A58EF7 /* OctoKit.framework in Frameworks */,
			);
			runOnlyForDeploymentPostprocessing = 0;
		};
		239BE7C51B8C47A100D2CE22 /* Frameworks */ = {
			isa = PBXFrameworksBuildPhase;
			buildActionMask = 2147483647;
			files = (
				234F4C3F1BDE0FE200A58EF7 /* RequestKit.framework in Frameworks */,
			);
			runOnlyForDeploymentPostprocessing = 0;
		};
/* End PBXFrameworksBuildPhase section */

/* Begin PBXGroup section */
		234F4BAA1BDDE31A00A58EF7 /* OctoKitTests */ = {
			isa = PBXGroup;
			children = (
				234F4BD71BDDE40400A58EF7 /* Fixtures */,
				234F4BC91BDDE3F900A58EF7 /* ConfigurationTests.swift */,
				E7EE59DD1BE11C2A0012E3D2 /* FollowTests.swift */,
				234F4BCB1BDDE3F900A58EF7 /* OctokitSwiftTests.swift */,
				234F4BCC1BDDE3F900A58EF7 /* PublicKeyTests.swift */,
				234F4BCD1BDDE3F900A58EF7 /* RepositoryTests.swift */,
				E7EE59D91BE10DA60012E3D2 /* StarsTests.swift */,
				234F4BCE1BDDE3F900A58EF7 /* TestHelper.swift */,
				F8711EA31BFCB02D005DDACA /* TimeTests.swift */,
				234F4BCF1BDDE3F900A58EF7 /* UserTests.swift */,
				234F4BAD1BDDE31A00A58EF7 /* Info.plist */,
			);
			path = OctoKitTests;
			sourceTree = "<group>";
		};
		234F4BD71BDDE40400A58EF7 /* Fixtures */ = {
			isa = PBXGroup;
			children = (
				234F4BD81BDDE44600A58EF7 /* public_key.json */,
				234F4BD91BDDE44600A58EF7 /* repo.json */,
				234F4BDA1BDDE44600A58EF7 /* user_me.json */,
				234F4BDB1BDDE44600A58EF7 /* user_mietzmithut.json */,
				234F4BDC1BDDE44600A58EF7 /* user_repos.json */,
				E7EE59DF1BE139FD0012E3D2 /* users.json */,
			);
			name = Fixtures;
			sourceTree = "<group>";
		};
		239BE7CA1B8C47A100D2CE22 /* OctoKit */ = {
			isa = PBXGroup;
			children = (
				239BE7CD1B8C47A100D2CE22 /* OctoKit.h */,
				23B267851BDDD756003887E3 /* Configuration.swift */,
				E7EE59DB1BE119110012E3D2 /* Follow.swift */,
				23B267861BDDD756003887E3 /* Octokit.swift */,
				23B267871BDDD756003887E3 /* PublicKey.swift */,
				23B267881BDDD756003887E3 /* Repositories.swift */,
				23B267891BDDD756003887E3 /* User.swift */,
				E7EE59D71BDFEFB30012E3D2 /* Stars.swift */,
				F8711EA11BFCAE9F005DDACA /* Time.swift */,
				239BE7CB1B8C47A100D2CE22 /* Supporting Files */,
			);
			path = OctoKit;
			sourceTree = "<group>";
		};
		239BE7CB1B8C47A100D2CE22 /* Supporting Files */ = {
			isa = PBXGroup;
			children = (
				239BE7CC1B8C47A100D2CE22 /* Info.plist */,
			);
			name = "Supporting Files";
			sourceTree = "<group>";
		};
		B975D5A3F8B0384EFB0C5863 /* Frameworks */ = {
			isa = PBXGroup;
			children = (
				234F4C3E1BDE0FE200A58EF7 /* RequestKit.framework */,
				23B2679C1BDDDBBE003887E3 /* Nocilla.framework */,
			);
			name = Frameworks;
			sourceTree = "<group>";
		};
		F01C6F2B1A6429CC0072FA44 = {
			isa = PBXGroup;
			children = (
				239BE7CA1B8C47A100D2CE22 /* OctoKit */,
				234F4BAA1BDDE31A00A58EF7 /* OctoKitTests */,
				F01C6F351A6429CC0072FA44 /* Products */,
				B975D5A3F8B0384EFB0C5863 /* Frameworks */,
			);
			sourceTree = "<group>";
		};
		F01C6F351A6429CC0072FA44 /* Products */ = {
			isa = PBXGroup;
			children = (
				239BE7C91B8C47A100D2CE22 /* OctoKit.framework */,
				234F4BA91BDDE31A00A58EF7 /* OctoKitTests.xctest */,
			);
			name = Products;
			sourceTree = "<group>";
		};
/* End PBXGroup section */

/* Begin PBXHeadersBuildPhase section */
		239BE7C61B8C47A100D2CE22 /* Headers */ = {
			isa = PBXHeadersBuildPhase;
			buildActionMask = 2147483647;
			files = (
				239BE7CE1B8C47A100D2CE22 /* OctoKit.h in Headers */,
			);
			runOnlyForDeploymentPostprocessing = 0;
		};
/* End PBXHeadersBuildPhase section */

/* Begin PBXNativeTarget section */
		234F4BA81BDDE31A00A58EF7 /* OctoKitTests */ = {
			isa = PBXNativeTarget;
			buildConfigurationList = 234F4BB11BDDE31A00A58EF7 /* Build configuration list for PBXNativeTarget "OctoKitTests" */;
			buildPhases = (
				234F4BA51BDDE31A00A58EF7 /* Sources */,
				234F4BA61BDDE31A00A58EF7 /* Frameworks */,
				234F4BA71BDDE31A00A58EF7 /* Resources */,
				234F4BC21BDDE36300A58EF7 /* Carthage embed */,
			);
			buildRules = (
			);
			dependencies = (
				234F4BB01BDDE31A00A58EF7 /* PBXTargetDependency */,
			);
			name = OctoKitTests;
			productName = OctoKitTests;
			productReference = 234F4BA91BDDE31A00A58EF7 /* OctoKitTests.xctest */;
			productType = "com.apple.product-type.bundle.unit-test";
		};
		239BE7C81B8C47A100D2CE22 /* OctoKit */ = {
			isa = PBXNativeTarget;
			buildConfigurationList = 239BE7E01B8C47A100D2CE22 /* Build configuration list for PBXNativeTarget "OctoKit" */;
			buildPhases = (
				239BE7C41B8C47A100D2CE22 /* Sources */,
				239BE7C51B8C47A100D2CE22 /* Frameworks */,
				239BE7C61B8C47A100D2CE22 /* Headers */,
				239BE7C71B8C47A100D2CE22 /* Resources */,
			);
			buildRules = (
			);
			dependencies = (
			);
			name = OctoKit;
			productName = OctoKit;
			productReference = 239BE7C91B8C47A100D2CE22 /* OctoKit.framework */;
			productType = "com.apple.product-type.framework";
		};
/* End PBXNativeTarget section */

/* Begin PBXProject section */
		F01C6F2C1A6429CC0072FA44 /* Project object */ = {
			isa = PBXProject;
			attributes = {
				LastSwiftMigration = 0700;
				LastSwiftUpdateCheck = 0710;
				LastUpgradeCheck = 0700;
				ORGANIZATIONNAME = "nerdish by nature";
				TargetAttributes = {
					234F4BA81BDDE31A00A58EF7 = {
						CreatedOnToolsVersion = 7.1;
					};
					239BE7C81B8C47A100D2CE22 = {
						CreatedOnToolsVersion = 6.4;
					};
				};
			};
			buildConfigurationList = F01C6F2F1A6429CC0072FA44 /* Build configuration list for PBXProject "OctoKit" */;
			compatibilityVersion = "Xcode 3.2";
			developmentRegion = English;
			hasScannedForEncodings = 0;
			knownRegions = (
				en,
				Base,
			);
			mainGroup = F01C6F2B1A6429CC0072FA44;
			productRefGroup = F01C6F351A6429CC0072FA44 /* Products */;
			projectDirPath = "";
			projectRoot = "";
			targets = (
				239BE7C81B8C47A100D2CE22 /* OctoKit */,
				234F4BA81BDDE31A00A58EF7 /* OctoKitTests */,
			);
		};
/* End PBXProject section */

/* Begin PBXResourcesBuildPhase section */
		234F4BA71BDDE31A00A58EF7 /* Resources */ = {
			isa = PBXResourcesBuildPhase;
			buildActionMask = 2147483647;
			files = (
				E7EE59E01BE139FD0012E3D2 /* users.json in Resources */,
				234F4BDF1BDDE44600A58EF7 /* user_me.json in Resources */,
				234F4BDD1BDDE44600A58EF7 /* public_key.json in Resources */,
				234F4BDE1BDDE44600A58EF7 /* repo.json in Resources */,
				234F4BE11BDDE44600A58EF7 /* user_repos.json in Resources */,
				234F4BE01BDDE44600A58EF7 /* user_mietzmithut.json in Resources */,
			);
			runOnlyForDeploymentPostprocessing = 0;
		};
		239BE7C71B8C47A100D2CE22 /* Resources */ = {
			isa = PBXResourcesBuildPhase;
			buildActionMask = 2147483647;
			files = (
			);
			runOnlyForDeploymentPostprocessing = 0;
		};
/* End PBXResourcesBuildPhase section */

/* Begin PBXSourcesBuildPhase section */
		234F4BA51BDDE31A00A58EF7 /* Sources */ = {
			isa = PBXSourcesBuildPhase;
			buildActionMask = 2147483647;
			files = (
				234F4BD61BDDE3F900A58EF7 /* UserTests.swift in Sources */,
				234F4BD31BDDE3F900A58EF7 /* PublicKeyTests.swift in Sources */,
				234F4BD41BDDE3F900A58EF7 /* RepositoryTests.swift in Sources */,
				F8711EA41BFCB02D005DDACA /* TimeTests.swift in Sources */,
				E7EE59DE1BE11C2A0012E3D2 /* FollowTests.swift in Sources */,
				234F4BD51BDDE3F900A58EF7 /* TestHelper.swift in Sources */,
				234F4BD01BDDE3F900A58EF7 /* ConfigurationTests.swift in Sources */,
				234F4BD21BDDE3F900A58EF7 /* OctokitSwiftTests.swift in Sources */,
				E7EE59DA1BE10DA60012E3D2 /* StarsTests.swift in Sources */,
			);
			runOnlyForDeploymentPostprocessing = 0;
		};
		239BE7C41B8C47A100D2CE22 /* Sources */ = {
			isa = PBXSourcesBuildPhase;
			buildActionMask = 2147483647;
			files = (
				E7EE59DC1BE119110012E3D2 /* Follow.swift in Sources */,
				23B2678A1BDDD756003887E3 /* Configuration.swift in Sources */,
				E7EE59D81BDFEFB30012E3D2 /* Stars.swift in Sources */,
				23B2678D1BDDD756003887E3 /* Repositories.swift in Sources */,
				F8711EA21BFCAE9F005DDACA /* Time.swift in Sources */,
				23B2678C1BDDD756003887E3 /* PublicKey.swift in Sources */,
				23B2678E1BDDD756003887E3 /* User.swift in Sources */,
				23B2678B1BDDD756003887E3 /* Octokit.swift in Sources */,
			);
			runOnlyForDeploymentPostprocessing = 0;
		};
/* End PBXSourcesBuildPhase section */

/* Begin PBXTargetDependency section */
		234F4BB01BDDE31A00A58EF7 /* PBXTargetDependency */ = {
			isa = PBXTargetDependency;
			target = 239BE7C81B8C47A100D2CE22 /* OctoKit */;
			targetProxy = 234F4BAF1BDDE31A00A58EF7 /* PBXContainerItemProxy */;
		};
/* End PBXTargetDependency section */

/* Begin XCBuildConfiguration section */
		234F4BB21BDDE31A00A58EF7 /* Debug */ = {
			isa = XCBuildConfiguration;
			buildSettings = {
				DEBUG_INFORMATION_FORMAT = dwarf;
				FRAMEWORK_SEARCH_PATHS = (
					"$(inherited)",
					"$(PROJECT_DIR)/Carthage/Build/iOS",
				);
				GCC_NO_COMMON_BLOCKS = YES;
				INFOPLIST_FILE = OctoKitTests/Info.plist;
				IPHONEOS_DEPLOYMENT_TARGET = 9.1;
				LD_RUNPATH_SEARCH_PATHS = "$(inherited) @executable_path/Frameworks @loader_path/Frameworks";
				PRODUCT_BUNDLE_IDENTIFIER = com.nerdishbynature.OctoKitTests;
				PRODUCT_NAME = "$(TARGET_NAME)";
			};
			name = Debug;
		};
		234F4BB31BDDE31A00A58EF7 /* Release */ = {
			isa = XCBuildConfiguration;
			buildSettings = {
				COPY_PHASE_STRIP = NO;
				DEBUG_INFORMATION_FORMAT = "dwarf-with-dsym";
				FRAMEWORK_SEARCH_PATHS = (
					"$(inherited)",
					"$(PROJECT_DIR)/Carthage/Build/iOS",
				);
				GCC_NO_COMMON_BLOCKS = YES;
				INFOPLIST_FILE = OctoKitTests/Info.plist;
				IPHONEOS_DEPLOYMENT_TARGET = 9.1;
				LD_RUNPATH_SEARCH_PATHS = "$(inherited) @executable_path/Frameworks @loader_path/Frameworks";
				PRODUCT_BUNDLE_IDENTIFIER = com.nerdishbynature.OctoKitTests;
				PRODUCT_NAME = "$(TARGET_NAME)";
			};
			name = Release;
		};
		239BE7DC1B8C47A100D2CE22 /* Debug */ = {
			isa = XCBuildConfiguration;
			buildSettings = {
				CLANG_ENABLE_MODULES = YES;
				CURRENT_PROJECT_VERSION = 1;
				DEBUG_INFORMATION_FORMAT = "dwarf-with-dsym";
				DEFINES_MODULE = YES;
				DYLIB_COMPATIBILITY_VERSION = 1;
				DYLIB_CURRENT_VERSION = 1;
				DYLIB_INSTALL_NAME_BASE = "@rpath";
				FRAMEWORK_SEARCH_PATHS = (
					"$(inherited)",
					"$(PROJECT_DIR)/Carthage/Build/iOS",
				);
				GCC_NO_COMMON_BLOCKS = YES;
				GCC_PREPROCESSOR_DEFINITIONS = (
					"DEBUG=1",
					"$(inherited)",
				);
				INFOPLIST_FILE = OctoKit/Info.plist;
				INSTALL_PATH = "$(LOCAL_LIBRARY_DIR)/Frameworks";
				IPHONEOS_DEPLOYMENT_TARGET = 8.0;
				LD_RUNPATH_SEARCH_PATHS = "$(inherited) @executable_path/Frameworks @loader_path/Frameworks";
				PRODUCT_BUNDLE_IDENTIFIER = "com.nerdishbynature.$(PRODUCT_NAME:rfc1034identifier)";
				PRODUCT_NAME = "$(TARGET_NAME)";
				SKIP_INSTALL = YES;
				SWIFT_OPTIMIZATION_LEVEL = "-Onone";
				TARGETED_DEVICE_FAMILY = "1,2";
				VERSIONING_SYSTEM = "apple-generic";
				VERSION_INFO_PREFIX = "";
			};
			name = Debug;
		};
		239BE7DD1B8C47A100D2CE22 /* Release */ = {
			isa = XCBuildConfiguration;
			buildSettings = {
				CLANG_ENABLE_MODULES = YES;
				COPY_PHASE_STRIP = NO;
				CURRENT_PROJECT_VERSION = 1;
				DEBUG_INFORMATION_FORMAT = "dwarf-with-dsym";
				DEFINES_MODULE = YES;
				DYLIB_COMPATIBILITY_VERSION = 1;
				DYLIB_CURRENT_VERSION = 1;
				DYLIB_INSTALL_NAME_BASE = "@rpath";
				FRAMEWORK_SEARCH_PATHS = (
					"$(inherited)",
					"$(PROJECT_DIR)/Carthage/Build/iOS",
				);
				GCC_NO_COMMON_BLOCKS = YES;
				INFOPLIST_FILE = OctoKit/Info.plist;
				INSTALL_PATH = "$(LOCAL_LIBRARY_DIR)/Frameworks";
				IPHONEOS_DEPLOYMENT_TARGET = 8.0;
				LD_RUNPATH_SEARCH_PATHS = "$(inherited) @executable_path/Frameworks @loader_path/Frameworks";
				PRODUCT_BUNDLE_IDENTIFIER = "com.nerdishbynature.$(PRODUCT_NAME:rfc1034identifier)";
				PRODUCT_NAME = "$(TARGET_NAME)";
				SKIP_INSTALL = YES;
				TARGETED_DEVICE_FAMILY = "1,2";
				VERSIONING_SYSTEM = "apple-generic";
				VERSION_INFO_PREFIX = "";
			};
			name = Release;
		};
		F01C6F511A6429CC0072FA44 /* Debug */ = {
			isa = XCBuildConfiguration;
			buildSettings = {
				ALWAYS_SEARCH_USER_PATHS = NO;
				CLANG_CXX_LANGUAGE_STANDARD = "gnu++0x";
				CLANG_CXX_LIBRARY = "libc++";
				CLANG_ENABLE_MODULES = YES;
				CLANG_ENABLE_OBJC_ARC = YES;
				CLANG_WARN_BOOL_CONVERSION = YES;
				CLANG_WARN_CONSTANT_CONVERSION = YES;
				CLANG_WARN_DIRECT_OBJC_ISA_USAGE = YES_ERROR;
				CLANG_WARN_EMPTY_BODY = YES;
				CLANG_WARN_ENUM_CONVERSION = YES;
				CLANG_WARN_INT_CONVERSION = YES;
				CLANG_WARN_OBJC_ROOT_CLASS = YES_ERROR;
				CLANG_WARN_UNREACHABLE_CODE = YES;
				CLANG_WARN__DUPLICATE_METHOD_MATCH = YES;
				"CODE_SIGN_IDENTITY[sdk=iphoneos*]" = "iPhone Developer";
				COPY_PHASE_STRIP = NO;
				ENABLE_STRICT_OBJC_MSGSEND = YES;
				ENABLE_TESTABILITY = YES;
				GCC_C_LANGUAGE_STANDARD = gnu99;
				GCC_DYNAMIC_NO_PIC = NO;
				GCC_OPTIMIZATION_LEVEL = 0;
				GCC_PREPROCESSOR_DEFINITIONS = (
					"DEBUG=1",
					"$(inherited)",
				);
				GCC_SYMBOLS_PRIVATE_EXTERN = NO;
				GCC_WARN_64_TO_32_BIT_CONVERSION = YES;
				GCC_WARN_ABOUT_RETURN_TYPE = YES_ERROR;
				GCC_WARN_UNDECLARED_SELECTOR = YES;
				GCC_WARN_UNINITIALIZED_AUTOS = YES_AGGRESSIVE;
				GCC_WARN_UNUSED_FUNCTION = YES;
				GCC_WARN_UNUSED_VARIABLE = YES;
				IPHONEOS_DEPLOYMENT_TARGET = 8.1;
				MTL_ENABLE_DEBUG_INFO = YES;
				ONLY_ACTIVE_ARCH = YES;
				SDKROOT = iphoneos;
				SWIFT_OPTIMIZATION_LEVEL = "-Onone";
			};
			name = Debug;
		};
		F01C6F521A6429CC0072FA44 /* Release */ = {
			isa = XCBuildConfiguration;
			buildSettings = {
				ALWAYS_SEARCH_USER_PATHS = NO;
				CLANG_CXX_LANGUAGE_STANDARD = "gnu++0x";
				CLANG_CXX_LIBRARY = "libc++";
				CLANG_ENABLE_MODULES = YES;
				CLANG_ENABLE_OBJC_ARC = YES;
				CLANG_WARN_BOOL_CONVERSION = YES;
				CLANG_WARN_CONSTANT_CONVERSION = YES;
				CLANG_WARN_DIRECT_OBJC_ISA_USAGE = YES_ERROR;
				CLANG_WARN_EMPTY_BODY = YES;
				CLANG_WARN_ENUM_CONVERSION = YES;
				CLANG_WARN_INT_CONVERSION = YES;
				CLANG_WARN_OBJC_ROOT_CLASS = YES_ERROR;
				CLANG_WARN_UNREACHABLE_CODE = YES;
				CLANG_WARN__DUPLICATE_METHOD_MATCH = YES;
				"CODE_SIGN_IDENTITY[sdk=iphoneos*]" = "iPhone Developer";
				COPY_PHASE_STRIP = YES;
				ENABLE_NS_ASSERTIONS = NO;
				ENABLE_STRICT_OBJC_MSGSEND = YES;
				GCC_C_LANGUAGE_STANDARD = gnu99;
				GCC_WARN_64_TO_32_BIT_CONVERSION = YES;
				GCC_WARN_ABOUT_RETURN_TYPE = YES_ERROR;
				GCC_WARN_UNDECLARED_SELECTOR = YES;
				GCC_WARN_UNINITIALIZED_AUTOS = YES_AGGRESSIVE;
				GCC_WARN_UNUSED_FUNCTION = YES;
				GCC_WARN_UNUSED_VARIABLE = YES;
				IPHONEOS_DEPLOYMENT_TARGET = 8.1;
				MTL_ENABLE_DEBUG_INFO = NO;
				SDKROOT = iphoneos;
				VALIDATE_PRODUCT = YES;
			};
			name = Release;
		};
/* End XCBuildConfiguration section */

/* Begin XCConfigurationList section */
		234F4BB11BDDE31A00A58EF7 /* Build configuration list for PBXNativeTarget "OctoKitTests" */ = {
			isa = XCConfigurationList;
			buildConfigurations = (
				234F4BB21BDDE31A00A58EF7 /* Debug */,
				234F4BB31BDDE31A00A58EF7 /* Release */,
			);
			defaultConfigurationIsVisible = 0;
			defaultConfigurationName = Release;
		};
		239BE7E01B8C47A100D2CE22 /* Build configuration list for PBXNativeTarget "OctoKit" */ = {
			isa = XCConfigurationList;
			buildConfigurations = (
				239BE7DC1B8C47A100D2CE22 /* Debug */,
				239BE7DD1B8C47A100D2CE22 /* Release */,
			);
			defaultConfigurationIsVisible = 0;
			defaultConfigurationName = Release;
		};
		F01C6F2F1A6429CC0072FA44 /* Build configuration list for PBXProject "OctoKit" */ = {
			isa = XCConfigurationList;
			buildConfigurations = (
				F01C6F511A6429CC0072FA44 /* Debug */,
				F01C6F521A6429CC0072FA44 /* Release */,
			);
			defaultConfigurationIsVisible = 0;
			defaultConfigurationName = Release;
		};
/* End XCConfigurationList section */
	};
	rootObject = F01C6F2C1A6429CC0072FA44 /* Project object */;
}
