{
  "pins" : [
    {
      "identity" : "requestkit",
      "kind" : "remoteSourceControl",
      "location" : "https://github.com/nerdishbynature/RequestKit.git",
      "state" : {
        "revision" : "8b0258ea2a4345cbcac90509b764faacea12efb0",
        "version" : "3.2.1"
      }
    }
  ],
  "version" : 2
}
