{
  "originHash" : "530774d6f20b0f00dacedf9498eab8ef4fc75274d7d10f28ee2fdbb4aab6bbb8",
  "pins" : [
    {
      "identity" : "requestkit",
      "kind" : "remoteSourceControl",
      "location" : "https://github.com/nerdishbynature/RequestKit.git",
      "state" : {
        "revision" : "e4d905fed938807e36d87f28375f88b7c1c26840",
        "version" : "3.3.0"
      }
    }
  ],
  "version" : 3
}
